// !$*UTF8*$!
{
	archiveVersion = 1;
	classes = {
	};
	objectVersion = 54;
	objects = {

/* Begin PBXBuildFile section */
		00E356F31AD99517003FC87E /* IttilaaTests.m in Sources */ = {isa = PBXBuildFile; fileRef = 00E356F21AD99517003FC87E /* IttilaaTests.m */; };
		0464E58329D59BED00574F45 /* Fontisto.ttf in Resources */ = {isa = PBXBuildFile; fileRef = 044DDB0D29D2CC5500257BD4 /* Fontisto.ttf */; };
		0464E58429D59BED00574F45 /* Octicons.ttf in Resources */ = {isa = PBXBuildFile; fileRef = 044DDB0E29D2CC5500257BD4 /* Octicons.ttf */; };
		0464E58529D59BED00574F45 /* Feather.ttf in Resources */ = {isa = PBXBuildFile; fileRef = 044DDB0F29D2CC5500257BD4 /* Feather.ttf */; };
		0464E58629D59BED00574F45 /* Entypo.ttf in Resources */ = {isa = PBXBuildFile; fileRef = 044DDB1029D2CC5500257BD4 /* Entypo.ttf */; };
		0464E58729D59BED00574F45 /* FontAwesome5_Brands.ttf in Resources */ = {isa = PBXBuildFile; fileRef = 044DDB1129D2CC5500257BD4 /* FontAwesome5_Brands.ttf */; };
		0464E58829D59BED00574F45 /* MaterialCommunityIcons.ttf in Resources */ = {isa = PBXBuildFile; fileRef = 044DDB1229D2CC5500257BD4 /* MaterialCommunityIcons.ttf */; };
		0464E58929D59BED00574F45 /* AntDesign.ttf in Resources */ = {isa = PBXBuildFile; fileRef = 044DDB1329D2CC5500257BD4 /* AntDesign.ttf */; };
		0464E58A29D59BED00574F45 /* Foundation.ttf in Resources */ = {isa = PBXBuildFile; fileRef = 044DDB1429D2CC5500257BD4 /* Foundation.ttf */; };
		0464E58B29D59BED00574F45 /* Ionicons.ttf in Resources */ = {isa = PBXBuildFile; fileRef = 044DDB1529D2CC5500257BD4 /* Ionicons.ttf */; };
		0464E58C29D59BED00574F45 /* FontAwesome5_Solid.ttf in Resources */ = {isa = PBXBuildFile; fileRef = 044DDB1629D2CC5500257BD4 /* FontAwesome5_Solid.ttf */; };
		0464E58D29D59BED00574F45 /* FontAwesome5_Regular.ttf in Resources */ = {isa = PBXBuildFile; fileRef = 044DDB1729D2CC5500257BD4 /* FontAwesome5_Regular.ttf */; };
		0464E58E29D59BED00574F45 /* FontAwesome.ttf in Resources */ = {isa = PBXBuildFile; fileRef = 044DDB1829D2CC5500257BD4 /* FontAwesome.ttf */; };
		0464E58F29D59BED00574F45 /* Zocial.ttf in Resources */ = {isa = PBXBuildFile; fileRef = 044DDB1929D2CC5500257BD4 /* Zocial.ttf */; };
		0464E59029D59BED00574F45 /* EvilIcons.ttf in Resources */ = {isa = PBXBuildFile; fileRef = 044DDB1A29D2CC5500257BD4 /* EvilIcons.ttf */; };
		0464E59129D59BED00574F45 /* SimpleLineIcons.ttf in Resources */ = {isa = PBXBuildFile; fileRef = 044DDB1B29D2CC5500257BD4 /* SimpleLineIcons.ttf */; };
		0464E59229D59BED00574F45 /* MaterialIcons.ttf in Resources */ = {isa = PBXBuildFile; fileRef = 044DDB1C29D2CC5500257BD4 /* MaterialIcons.ttf */; };
		04C38EBE29D40F0000C3F00A /* Mapbox in Frameworks */ = {isa = PBXBuildFile; productRef = B456EE6B1796CE555CAF9AC3 /* Mapbox */; };
		13B07FBC1A68108700A75B9A /* AppDelegate.mm in Sources */ = {isa = PBXBuildFile; fileRef = 13B07FB01A68108700A75B9A /* AppDelegate.mm */; };
		13B07FBF1A68108700A75B9A /* Images.xcassets in Resources */ = {isa = PBXBuildFile; fileRef = 13B07FB51A68108700A75B9A /* Images.xcassets */; };
		13B07FC11A68108700A75B9A /* main.m in Sources */ = {isa = PBXBuildFile; fileRef = 13B07FB71A68108700A75B9A /* main.m */; };
		2342B7CEBFB0076867941F44 /* libPods-Ittilaa-IttilaaTests.a in Frameworks */ = {isa = PBXBuildFile; fileRef = B6BA0FC5F13CDFB2B1F93803 /* libPods-Ittilaa-IttilaaTests.a */; };
		2A53DC53099240508433F0D8 /* Poppins-Regular.ttf in Resources */ = {isa = PBXBuildFile; fileRef = 72C935807D1849BC8CB645C5 /* Poppins-Regular.ttf */; };
		44FE53C8A47F4B28BA714B31 /* Poppins-Light.ttf in Resources */ = {isa = PBXBuildFile; fileRef = 6EB2CB3A939545B7B789F4C4 /* Poppins-Light.ttf */; };
		570D42E82A673210003A5E8F /* Mapbox in Frameworks */ = {isa = PBXBuildFile; productRef = 570D42E72A673210003A5E8F /* Mapbox */; };
		5AA06F129E474A0BA134AD79 /* Poppins-Medium.ttf in Resources */ = {isa = PBXBuildFile; fileRef = 181DB946FF1248C0BA56569D /* Poppins-Medium.ttf */; };
		7FC98B4BE9BE34AD411CBB4C /* libPods-Ittilaa.a in Frameworks */ = {isa = PBXBuildFile; fileRef = 09940633B2836AB4CDDE7707 /* libPods-Ittilaa.a */; };
		81AB9BB82411601600AC10FF /* LaunchScreen.storyboard in Resources */ = {isa = PBXBuildFile; fileRef = 81AB9BB72411601600AC10FF /* LaunchScreen.storyboard */; };
		AD9BB36B575641F8AF01DCA4 /* Poppins-Bold.ttf in Resources */ = {isa = PBXBuildFile; fileRef = 8A5E645679494FB5A1409E0F /* Poppins-Bold.ttf */; };
		E5C495D6DE9D44DFBC769DE6 /* Poppins-SemiBold.ttf in Resources */ = {isa = PBXBuildFile; fileRef = 50FA0FA8202C41F19228098B /* Poppins-SemiBold.ttf */; };
		FA309A062AAB406100720807 /* main.jsbundle in Resources */ = {isa = PBXBuildFile; fileRef = FA309A042AAB402500720807 /* main.jsbundle */; };
		FA58890C2AFE89C600416E07 /* GoogleService-Info.plist in Resources */ = {isa = PBXBuildFile; fileRef = FA58890B2AFE89C600416E07 /* GoogleService-Info.plist */; };
		FA8FBFE62AB0B4CC007E6E09 /* agency-icon.png in Resources */ = {isa = PBXBuildFile; fileRef = FA8FBFD12AB0B4CC007E6E09 /* agency-icon.png */; };
		FA8FBFE72AB0B4CC007E6E09 /* feature1.jpg in Resources */ = {isa = PBXBuildFile; fileRef = FA8FBFD22AB0B4CC007E6E09 /* feature1.jpg */; };
		FA8FBFE82AB0B4CC007E6E09 /* feature2.jpg in Resources */ = {isa = PBXBuildFile; fileRef = FA8FBFD32AB0B4CC007E6E09 /* feature2.jpg */; };
		FA8FBFE92AB0B4CC007E6E09 /* ad-icon.png in Resources */ = {isa = PBXBuildFile; fileRef = FA8FBFD42AB0B4CC007E6E09 /* ad-icon.png */; };
		FA8FBFEA2AB0B4CC007E6E09 /* map.png in Resources */ = {isa = PBXBuildFile; fileRef = FA8FBFD52AB0B4CC007E6E09 /* map.png */; };
		FA8FBFEB2AB0B4CC007E6E09 /* user.png in Resources */ = {isa = PBXBuildFile; fileRef = FA8FBFD62AB0B4CC007E6E09 /* user.png */; };
		FA8FBFEC2AB0B4CC007E6E09 /* tamjeed.png in Resources */ = {isa = PBXBuildFile; fileRef = FA8FBFD72AB0B4CC007E6E09 /* tamjeed.png */; };
		FA8FBFED2AB0B4CC007E6E09 /* news1.jpg in Resources */ = {isa = PBXBuildFile; fileRef = FA8FBFD82AB0B4CC007E6E09 /* news1.jpg */; };
		FA8FBFEE2AB0B4CC007E6E09 /* news2.jpg in Resources */ = {isa = PBXBuildFile; fileRef = FA8FBFD92AB0B4CC007E6E09 /* news2.jpg */; };
		FA8FBFEF2AB0B4CC007E6E09 /* logo.png in Resources */ = {isa = PBXBuildFile; fileRef = FA8FBFDA2AB0B4CC007E6E09 /* logo.png */; };
		FA8FBFF02AB0B4CD007E6E09 /* logo2.png in Resources */ = {isa = PBXBuildFile; fileRef = FA8FBFDB2AB0B4CC007E6E09 /* logo2.png */; };
		FA8FBFF12AB0B4CD007E6E09 /* agency-dummy.png in Resources */ = {isa = PBXBuildFile; fileRef = FA8FBFDC2AB0B4CC007E6E09 /* agency-dummy.png */; };
		FA8FBFF22AB0B4CD007E6E09 /* classified.jpeg in Resources */ = {isa = PBXBuildFile; fileRef = FA8FBFDD2AB0B4CC007E6E09 /* classified.jpeg */; };
		FA8FBFF32AB0B4CD007E6E09 /* call.png in Resources */ = {isa = PBXBuildFile; fileRef = FA8FBFDE2AB0B4CC007E6E09 /* call.png */; };
		FA8FBFF42AB0B4CD007E6E09 /* logo22.png in Resources */ = {isa = PBXBuildFile; fileRef = FA8FBFDF2AB0B4CC007E6E09 /* logo22.png */; };
		FA8FBFF52AB0B4CD007E6E09 /* logoAnim.gif in Resources */ = {isa = PBXBuildFile; fileRef = FA8FBFE02AB0B4CC007E6E09 /* logoAnim.gif */; };
		FA8FBFF62AB0B4CD007E6E09 /* home1.jpg in Resources */ = {isa = PBXBuildFile; fileRef = FA8FBFE12AB0B4CC007E6E09 /* home1.jpg */; };
		FA8FBFF72AB0B4CD007E6E09 /* whatsapp.png in Resources */ = {isa = PBXBuildFile; fileRef = FA8FBFE22AB0B4CC007E6E09 /* whatsapp.png */; };
		FA8FBFF82AB0B4CD007E6E09 /* social.png in Resources */ = {isa = PBXBuildFile; fileRef = FA8FBFE32AB0B4CC007E6E09 /* social.png */; };
		FA8FBFF92AB0B4CD007E6E09 /* bg.png in Resources */ = {isa = PBXBuildFile; fileRef = FA8FBFE42AB0B4CC007E6E09 /* bg.png */; };
		FA8FBFFA2AB0B4CD007E6E09 /* bg.jpg in Resources */ = {isa = PBXBuildFile; fileRef = FA8FBFE52AB0B4CC007E6E09 /* bg.jpg */; };
/* End PBXBuildFile section */

/* Begin PBXContainerItemProxy section */
		00E356F41AD99517003FC87E /* PBXContainerItemProxy */ = {
			isa = PBXContainerItemProxy;
			containerPortal = 83CBB9F71A601CBA00E9B192 /* Project object */;
			proxyType = 1;
			remoteGlobalIDString = 13B07F861A680F5B00A75B9A;
			remoteInfo = Ittilaa;
		};
/* End PBXContainerItemProxy section */

/* Begin PBXFileReference section */
		00E356EE1AD99517003FC87E /* IttilaaTests.xctest */ = {isa = PBXFileReference; explicitFileType = wrapper.cfbundle; includeInIndex = 0; path = IttilaaTests.xctest; sourceTree = BUILT_PRODUCTS_DIR; };
		00E356F11AD99517003FC87E /* Info.plist */ = {isa = PBXFileReference; lastKnownFileType = text.plist.xml; path = Info.plist; sourceTree = "<group>"; };
		00E356F21AD99517003FC87E /* IttilaaTests.m */ = {isa = PBXFileReference; lastKnownFileType = sourcecode.c.objc; path = IttilaaTests.m; sourceTree = "<group>"; };
		044DDB0629D2C90800257BD4 /* libRNShare.a */ = {isa = PBXFileReference; explicitFileType = archive.ar; path = libRNShare.a; sourceTree = BUILT_PRODUCTS_DIR; };
		044DDB0829D2C95300257BD4 /* Social.framework */ = {isa = PBXFileReference; lastKnownFileType = wrapper.framework; name = Social.framework; path = System/Library/Frameworks/Social.framework; sourceTree = SDKROOT; };
		044DDB0A29D2C95D00257BD4 /* MessageUI.framework */ = {isa = PBXFileReference; lastKnownFileType = wrapper.framework; name = MessageUI.framework; path = System/Library/Frameworks/MessageUI.framework; sourceTree = SDKROOT; };
		044DDB0D29D2CC5500257BD4 /* Fontisto.ttf */ = {isa = PBXFileReference; lastKnownFileType = file; path = Fontisto.ttf; sourceTree = "<group>"; };
		044DDB0E29D2CC5500257BD4 /* Octicons.ttf */ = {isa = PBXFileReference; lastKnownFileType = file; path = Octicons.ttf; sourceTree = "<group>"; };
		044DDB0F29D2CC5500257BD4 /* Feather.ttf */ = {isa = PBXFileReference; lastKnownFileType = file; path = Feather.ttf; sourceTree = "<group>"; };
		044DDB1029D2CC5500257BD4 /* Entypo.ttf */ = {isa = PBXFileReference; lastKnownFileType = file; path = Entypo.ttf; sourceTree = "<group>"; };
		044DDB1129D2CC5500257BD4 /* FontAwesome5_Brands.ttf */ = {isa = PBXFileReference; lastKnownFileType = file; path = FontAwesome5_Brands.ttf; sourceTree = "<group>"; };
		044DDB1229D2CC5500257BD4 /* MaterialCommunityIcons.ttf */ = {isa = PBXFileReference; lastKnownFileType = file; path = MaterialCommunityIcons.ttf; sourceTree = "<group>"; };
		044DDB1329D2CC5500257BD4 /* AntDesign.ttf */ = {isa = PBXFileReference; lastKnownFileType = file; path = AntDesign.ttf; sourceTree = "<group>"; };
		044DDB1429D2CC5500257BD4 /* Foundation.ttf */ = {isa = PBXFileReference; lastKnownFileType = file; path = Foundation.ttf; sourceTree = "<group>"; };
		044DDB1529D2CC5500257BD4 /* Ionicons.ttf */ = {isa = PBXFileReference; lastKnownFileType = file; path = Ionicons.ttf; sourceTree = "<group>"; };
		044DDB1629D2CC5500257BD4 /* FontAwesome5_Solid.ttf */ = {isa = PBXFileReference; lastKnownFileType = file; path = FontAwesome5_Solid.ttf; sourceTree = "<group>"; };
		044DDB1729D2CC5500257BD4 /* FontAwesome5_Regular.ttf */ = {isa = PBXFileReference; lastKnownFileType = file; path = FontAwesome5_Regular.ttf; sourceTree = "<group>"; };
		044DDB1829D2CC5500257BD4 /* FontAwesome.ttf */ = {isa = PBXFileReference; lastKnownFileType = file; path = FontAwesome.ttf; sourceTree = "<group>"; };
		044DDB1929D2CC5500257BD4 /* Zocial.ttf */ = {isa = PBXFileReference; lastKnownFileType = file; path = Zocial.ttf; sourceTree = "<group>"; };
		044DDB1A29D2CC5500257BD4 /* EvilIcons.ttf */ = {isa = PBXFileReference; lastKnownFileType = file; path = EvilIcons.ttf; sourceTree = "<group>"; };
		044DDB1B29D2CC5500257BD4 /* SimpleLineIcons.ttf */ = {isa = PBXFileReference; lastKnownFileType = file; path = SimpleLineIcons.ttf; sourceTree = "<group>"; };
		044DDB1C29D2CC5500257BD4 /* MaterialIcons.ttf */ = {isa = PBXFileReference; lastKnownFileType = file; path = MaterialIcons.ttf; sourceTree = "<group>"; };
		044DDB4329D2D50D00257BD4 /* libRNShare.a */ = {isa = PBXFileReference; explicitFileType = archive.ar; path = libRNShare.a; sourceTree = BUILT_PRODUCTS_DIR; };
		04C38EC929D40F8A00C3F00A /* libRNShare.a */ = {isa = PBXFileReference; explicitFileType = archive.ar; path = libRNShare.a; sourceTree = BUILT_PRODUCTS_DIR; };
		0520EDCD117C4502B7C19CE7 /* MaterialCommunityIcons.ttf */ = {isa = PBXFileReference; explicitFileType = undefined; fileEncoding = 9; includeInIndex = 0; lastKnownFileType = unknown; name = MaterialCommunityIcons.ttf; path = ../android/app/src/main/assets/fonts/MaterialCommunityIcons.ttf; sourceTree = "<group>"; };
		09940633B2836AB4CDDE7707 /* libPods-Ittilaa.a */ = {isa = PBXFileReference; explicitFileType = archive.ar; includeInIndex = 0; path = "libPods-Ittilaa.a"; sourceTree = BUILT_PRODUCTS_DIR; };
		13B07F961A680F5B00A75B9A /* Ittilaa.app */ = {isa = PBXFileReference; explicitFileType = wrapper.application; includeInIndex = 0; path = Ittilaa.app; sourceTree = BUILT_PRODUCTS_DIR; };
		13B07FAF1A68108700A75B9A /* AppDelegate.h */ = {isa = PBXFileReference; fileEncoding = 4; lastKnownFileType = sourcecode.c.h; name = AppDelegate.h; path = Ittilaa/AppDelegate.h; sourceTree = "<group>"; };
		13B07FB01A68108700A75B9A /* AppDelegate.mm */ = {isa = PBXFileReference; fileEncoding = 4; lastKnownFileType = sourcecode.cpp.objcpp; name = AppDelegate.mm; path = Ittilaa/AppDelegate.mm; sourceTree = "<group>"; };
		13B07FB51A68108700A75B9A /* Images.xcassets */ = {isa = PBXFileReference; lastKnownFileType = folder.assetcatalog; name = Images.xcassets; path = Ittilaa/Images.xcassets; sourceTree = "<group>"; };
		13B07FB61A68108700A75B9A /* Info.plist */ = {isa = PBXFileReference; fileEncoding = 4; lastKnownFileType = text.plist.xml; name = Info.plist; path = Ittilaa/Info.plist; sourceTree = "<group>"; };
		13B07FB71A68108700A75B9A /* main.m */ = {isa = PBXFileReference; fileEncoding = 4; lastKnownFileType = sourcecode.c.objc; name = main.m; path = Ittilaa/main.m; sourceTree = "<group>"; };
		181DB946FF1248C0BA56569D /* Poppins-Medium.ttf */ = {isa = PBXFileReference; explicitFileType = undefined; fileEncoding = 9; includeInIndex = 0; lastKnownFileType = unknown; name = "Poppins-Medium.ttf"; path = "../assets/fonts/Poppins-Medium.ttf"; sourceTree = "<group>"; };
		1C3BA34931454F004F8229FB /* Pods-Ittilaa-IttilaaTests.debug.xcconfig */ = {isa = PBXFileReference; includeInIndex = 1; lastKnownFileType = text.xcconfig; name = "Pods-Ittilaa-IttilaaTests.debug.xcconfig"; path = "Target Support Files/Pods-Ittilaa-IttilaaTests/Pods-Ittilaa-IttilaaTests.debug.xcconfig"; sourceTree = "<group>"; };
		2C0CEE71E6524122B24CA710 /* Poppins-Bold.ttf */ = {isa = PBXFileReference; explicitFileType = undefined; fileEncoding = 9; includeInIndex = 0; lastKnownFileType = unknown; name = "Poppins-Bold.ttf"; path = "../android/app/src/main/assets/fonts/Poppins-Bold.ttf"; sourceTree = "<group>"; };
		422C46FF16D145F0820AC85E /* AntDesign.ttf */ = {isa = PBXFileReference; explicitFileType = undefined; fileEncoding = 9; includeInIndex = 0; lastKnownFileType = unknown; name = AntDesign.ttf; path = ../android/app/src/main/assets/fonts/AntDesign.ttf; sourceTree = "<group>"; };
		4E5C73C04B9A4E1381676F19 /* Ionicons.ttf */ = {isa = PBXFileReference; explicitFileType = undefined; fileEncoding = 9; includeInIndex = 0; lastKnownFileType = unknown; name = Ionicons.ttf; path = ../android/app/src/main/assets/fonts/Ionicons.ttf; sourceTree = "<group>"; };
		50FA0FA8202C41F19228098B /* Poppins-SemiBold.ttf */ = {isa = PBXFileReference; explicitFileType = undefined; fileEncoding = 9; includeInIndex = 0; lastKnownFileType = unknown; name = "Poppins-SemiBold.ttf"; path = "../assets/fonts/Poppins-SemiBold.ttf"; sourceTree = "<group>"; };
		5448984B1D144C1B94A1DDAE /* Poppins-SemiBold.ttf */ = {isa = PBXFileReference; explicitFileType = undefined; fileEncoding = 9; includeInIndex = 0; lastKnownFileType = unknown; name = "Poppins-SemiBold.ttf"; path = "../android/app/src/main/assets/fonts/Poppins-SemiBold.ttf"; sourceTree = "<group>"; };
		6C813C644DDF98B42ECF6B5C /* Pods-Ittilaa-IttilaaTests.release.xcconfig */ = {isa = PBXFileReference; includeInIndex = 1; lastKnownFileType = text.xcconfig; name = "Pods-Ittilaa-IttilaaTests.release.xcconfig"; path = "Target Support Files/Pods-Ittilaa-IttilaaTests/Pods-Ittilaa-IttilaaTests.release.xcconfig"; sourceTree = "<group>"; };
		6EB2CB3A939545B7B789F4C4 /* Poppins-Light.ttf */ = {isa = PBXFileReference; explicitFileType = undefined; fileEncoding = 9; includeInIndex = 0; lastKnownFileType = unknown; name = "Poppins-Light.ttf"; path = "../assets/fonts/Poppins-Light.ttf"; sourceTree = "<group>"; };
		71A66DD04FDD4A36B4330F36 /* FontAwesome5_Regular.ttf */ = {isa = PBXFileReference; explicitFileType = undefined; fileEncoding = 9; includeInIndex = 0; lastKnownFileType = unknown; name = FontAwesome5_Regular.ttf; path = ../android/app/src/main/assets/fonts/FontAwesome5_Regular.ttf; sourceTree = "<group>"; };
		72C935807D1849BC8CB645C5 /* Poppins-Regular.ttf */ = {isa = PBXFileReference; explicitFileType = undefined; fileEncoding = 9; includeInIndex = 0; lastKnownFileType = unknown; name = "Poppins-Regular.ttf"; path = "../assets/fonts/Poppins-Regular.ttf"; sourceTree = "<group>"; };
		783B81EC884843508536CD13 /* Feather.ttf */ = {isa = PBXFileReference; explicitFileType = undefined; fileEncoding = 9; includeInIndex = 0; lastKnownFileType = unknown; name = Feather.ttf; path = ../android/app/src/main/assets/fonts/Feather.ttf; sourceTree = "<group>"; };
		7CB6E48A7704C4993CE1E6A3 /* Pods-Ittilaa.debug.xcconfig */ = {isa = PBXFileReference; includeInIndex = 1; lastKnownFileType = text.xcconfig; name = "Pods-Ittilaa.debug.xcconfig"; path = "Target Support Files/Pods-Ittilaa/Pods-Ittilaa.debug.xcconfig"; sourceTree = "<group>"; };
		81AB9BB72411601600AC10FF /* LaunchScreen.storyboard */ = {isa = PBXFileReference; fileEncoding = 4; lastKnownFileType = file.storyboard; name = LaunchScreen.storyboard; path = Ittilaa/LaunchScreen.storyboard; sourceTree = "<group>"; };
		84BC5EDD2A5541229AC7FF16 /* MaterialIcons.ttf */ = {isa = PBXFileReference; explicitFileType = undefined; fileEncoding = 9; includeInIndex = 0; lastKnownFileType = unknown; name = MaterialIcons.ttf; path = ../android/app/src/main/assets/fonts/MaterialIcons.ttf; sourceTree = "<group>"; };
		8A5E645679494FB5A1409E0F /* Poppins-Bold.ttf */ = {isa = PBXFileReference; explicitFileType = undefined; fileEncoding = 9; includeInIndex = 0; lastKnownFileType = unknown; name = "Poppins-Bold.ttf"; path = "../assets/fonts/Poppins-Bold.ttf"; sourceTree = "<group>"; };
		A3B4C44AC12B4AD08228977B /* FontAwesome5_Solid.ttf */ = {isa = PBXFileReference; explicitFileType = undefined; fileEncoding = 9; includeInIndex = 0; lastKnownFileType = unknown; name = FontAwesome5_Solid.ttf; path = ../android/app/src/main/assets/fonts/FontAwesome5_Solid.ttf; sourceTree = "<group>"; };
		A81958FFEA5646F9A99A59AE /* Poppins-Medium.ttf */ = {isa = PBXFileReference; explicitFileType = undefined; fileEncoding = 9; includeInIndex = 0; lastKnownFileType = unknown; name = "Poppins-Medium.ttf"; path = "../android/app/src/main/assets/fonts/Poppins-Medium.ttf"; sourceTree = "<group>"; };
		A872EB4449E341868F31120A /* FontAwesome.ttf */ = {isa = PBXFileReference; explicitFileType = undefined; fileEncoding = 9; includeInIndex = 0; lastKnownFileType = unknown; name = FontAwesome.ttf; path = ../android/app/src/main/assets/fonts/FontAwesome.ttf; sourceTree = "<group>"; };
		AD580AE582A6437E914C7E3A /* Poppins-Regular.ttf */ = {isa = PBXFileReference; explicitFileType = undefined; fileEncoding = 9; includeInIndex = 0; lastKnownFileType = unknown; name = "Poppins-Regular.ttf"; path = "../android/app/src/main/assets/fonts/Poppins-Regular.ttf"; sourceTree = "<group>"; };
		B2B2B344907441879BD7F37A /* Poppins-Light.ttf */ = {isa = PBXFileReference; explicitFileType = undefined; fileEncoding = 9; includeInIndex = 0; lastKnownFileType = unknown; name = "Poppins-Light.ttf"; path = "../android/app/src/main/assets/fonts/Poppins-Light.ttf"; sourceTree = "<group>"; };
		B2F1921FADA144F182789A5F /* Octicons.ttf */ = {isa = PBXFileReference; explicitFileType = undefined; fileEncoding = 9; includeInIndex = 0; lastKnownFileType = unknown; name = Octicons.ttf; path = ../android/app/src/main/assets/fonts/Octicons.ttf; sourceTree = "<group>"; };
		B6BA0FC5F13CDFB2B1F93803 /* libPods-Ittilaa-IttilaaTests.a */ = {isa = PBXFileReference; explicitFileType = archive.ar; includeInIndex = 0; path = "libPods-Ittilaa-IttilaaTests.a"; sourceTree = BUILT_PRODUCTS_DIR; };
		C423A0C7CB570BCE230FF75A /* Pods-Ittilaa.release.xcconfig */ = {isa = PBXFileReference; includeInIndex = 1; lastKnownFileType = text.xcconfig; name = "Pods-Ittilaa.release.xcconfig"; path = "Target Support Files/Pods-Ittilaa/Pods-Ittilaa.release.xcconfig"; sourceTree = "<group>"; };
		C6C08398A5B8491AA393C12C /* Entypo.ttf */ = {isa = PBXFileReference; explicitFileType = undefined; fileEncoding = 9; includeInIndex = 0; lastKnownFileType = unknown; name = Entypo.ttf; path = ../android/app/src/main/assets/fonts/Entypo.ttf; sourceTree = "<group>"; };
		D76F4BEB61BA40539BB3A32B /* Fontisto.ttf */ = {isa = PBXFileReference; explicitFileType = undefined; fileEncoding = 9; includeInIndex = 0; lastKnownFileType = unknown; name = Fontisto.ttf; path = ../android/app/src/main/assets/fonts/Fontisto.ttf; sourceTree = "<group>"; };
		D8922B9E1D764BAB8E86A1AC /* Foundation.ttf */ = {isa = PBXFileReference; explicitFileType = undefined; fileEncoding = 9; includeInIndex = 0; lastKnownFileType = unknown; name = Foundation.ttf; path = ../android/app/src/main/assets/fonts/Foundation.ttf; sourceTree = "<group>"; };
		E0D8FC7BC98C4828BC6D3A0C /* SimpleLineIcons.ttf */ = {isa = PBXFileReference; explicitFileType = undefined; fileEncoding = 9; includeInIndex = 0; lastKnownFileType = unknown; name = SimpleLineIcons.ttf; path = ../android/app/src/main/assets/fonts/SimpleLineIcons.ttf; sourceTree = "<group>"; };
		E319DBA173CA4B20A5779DD4 /* EvilIcons.ttf */ = {isa = PBXFileReference; explicitFileType = undefined; fileEncoding = 9; includeInIndex = 0; lastKnownFileType = unknown; name = EvilIcons.ttf; path = ../android/app/src/main/assets/fonts/EvilIcons.ttf; sourceTree = "<group>"; };
		ED297162215061F000B7C4FE /* JavaScriptCore.framework */ = {isa = PBXFileReference; lastKnownFileType = wrapper.framework; name = JavaScriptCore.framework; path = System/Library/Frameworks/JavaScriptCore.framework; sourceTree = SDKROOT; };
		F2D6894F321949AB9562987F /* FontAwesome5_Brands.ttf */ = {isa = PBXFileReference; explicitFileType = undefined; fileEncoding = 9; includeInIndex = 0; lastKnownFileType = unknown; name = FontAwesome5_Brands.ttf; path = ../android/app/src/main/assets/fonts/FontAwesome5_Brands.ttf; sourceTree = "<group>"; };
		F65F0910ADC5464F92B0E1C6 /* Zocial.ttf */ = {isa = PBXFileReference; explicitFileType = undefined; fileEncoding = 9; includeInIndex = 0; lastKnownFileType = unknown; name = Zocial.ttf; path = ../android/app/src/main/assets/fonts/Zocial.ttf; sourceTree = "<group>"; };
		FA309A042AAB402500720807 /* main.jsbundle */ = {isa = PBXFileReference; fileEncoding = 4; lastKnownFileType = text; path = main.jsbundle; sourceTree = "<group>"; };
		FA58890B2AFE89C600416E07 /* GoogleService-Info.plist */ = {isa = PBXFileReference; fileEncoding = 4; lastKnownFileType = text.plist.xml; path = "GoogleService-Info.plist"; sourceTree = "<group>"; };
		FA8FBFD12AB0B4CC007E6E09 /* agency-icon.png */ = {isa = PBXFileReference; lastKnownFileType = image.png; path = "agency-icon.png"; sourceTree = "<group>"; };
		FA8FBFD22AB0B4CC007E6E09 /* feature1.jpg */ = {isa = PBXFileReference; lastKnownFileType = image.jpeg; path = feature1.jpg; sourceTree = "<group>"; };
		FA8FBFD32AB0B4CC007E6E09 /* feature2.jpg */ = {isa = PBXFileReference; lastKnownFileType = image.jpeg; path = feature2.jpg; sourceTree = "<group>"; };
		FA8FBFD42AB0B4CC007E6E09 /* ad-icon.png */ = {isa = PBXFileReference; lastKnownFileType = image.png; path = "ad-icon.png"; sourceTree = "<group>"; };
		FA8FBFD52AB0B4CC007E6E09 /* map.png */ = {isa = PBXFileReference; lastKnownFileType = image.png; path = map.png; sourceTree = "<group>"; };
		FA8FBFD62AB0B4CC007E6E09 /* user.png */ = {isa = PBXFileReference; lastKnownFileType = image.png; path = user.png; sourceTree = "<group>"; };
		FA8FBFD72AB0B4CC007E6E09 /* tamjeed.png */ = {isa = PBXFileReference; lastKnownFileType = image.png; path = tamjeed.png; sourceTree = "<group>"; };
		FA8FBFD82AB0B4CC007E6E09 /* news1.jpg */ = {isa = PBXFileReference; lastKnownFileType = image.jpeg; path = news1.jpg; sourceTree = "<group>"; };
		FA8FBFD92AB0B4CC007E6E09 /* news2.jpg */ = {isa = PBXFileReference; lastKnownFileType = image.jpeg; path = news2.jpg; sourceTree = "<group>"; };
		FA8FBFDA2AB0B4CC007E6E09 /* logo.png */ = {isa = PBXFileReference; lastKnownFileType = image.png; path = logo.png; sourceTree = "<group>"; };
		FA8FBFDB2AB0B4CC007E6E09 /* logo2.png */ = {isa = PBXFileReference; lastKnownFileType = image.png; path = logo2.png; sourceTree = "<group>"; };
		FA8FBFDC2AB0B4CC007E6E09 /* agency-dummy.png */ = {isa = PBXFileReference; lastKnownFileType = image.png; path = "agency-dummy.png"; sourceTree = "<group>"; };
		FA8FBFDD2AB0B4CC007E6E09 /* classified.jpeg */ = {isa = PBXFileReference; lastKnownFileType = image.jpeg; path = classified.jpeg; sourceTree = "<group>"; };
		FA8FBFDE2AB0B4CC007E6E09 /* call.png */ = {isa = PBXFileReference; lastKnownFileType = image.png; path = call.png; sourceTree = "<group>"; };
		FA8FBFDF2AB0B4CC007E6E09 /* logo22.png */ = {isa = PBXFileReference; lastKnownFileType = image.png; path = logo22.png; sourceTree = "<group>"; };
		FA8FBFE02AB0B4CC007E6E09 /* logoAnim.gif */ = {isa = PBXFileReference; lastKnownFileType = image.gif; path = logoAnim.gif; sourceTree = "<group>"; };
		FA8FBFE12AB0B4CC007E6E09 /* home1.jpg */ = {isa = PBXFileReference; lastKnownFileType = image.jpeg; path = home1.jpg; sourceTree = "<group>"; };
		FA8FBFE22AB0B4CC007E6E09 /* whatsapp.png */ = {isa = PBXFileReference; lastKnownFileType = image.png; path = whatsapp.png; sourceTree = "<group>"; };
		FA8FBFE32AB0B4CC007E6E09 /* social.png */ = {isa = PBXFileReference; lastKnownFileType = image.png; path = social.png; sourceTree = "<group>"; };
		FA8FBFE42AB0B4CC007E6E09 /* bg.png */ = {isa = PBXFileReference; lastKnownFileType = image.png; path = bg.png; sourceTree = "<group>"; };
		FA8FBFE52AB0B4CC007E6E09 /* bg.jpg */ = {isa = PBXFileReference; lastKnownFileType = image.jpeg; path = bg.jpg; sourceTree = "<group>"; };
/* End PBXFileReference section */

/* Begin PBXFrameworksBuildPhase section */
		00E356EB1AD99517003FC87E /* Frameworks */ = {
			isa = PBXFrameworksBuildPhase;
			buildActionMask = 2147483647;
			files = (
				04C38EBE29D40F0000C3F00A /* Mapbox in Frameworks */,
				2342B7CEBFB0076867941F44 /* libPods-Ittilaa-IttilaaTests.a in Frameworks */,
			);
			runOnlyForDeploymentPostprocessing = 0;
		};
		13B07F8C1A680F5B00A75B9A /* Frameworks */ = {
			isa = PBXFrameworksBuildPhase;
			buildActionMask = 2147483647;
			files = (
				570D42E82A673210003A5E8F /* Mapbox in Frameworks */,
				7FC98B4BE9BE34AD411CBB4C /* libPods-Ittilaa.a in Frameworks */,
			);
			runOnlyForDeploymentPostprocessing = 0;
		};
/* End PBXFrameworksBuildPhase section */

/* Begin PBXGroup section */
		00E356EF1AD99517003FC87E /* IttilaaTests */ = {
			isa = PBXGroup;
			children = (
				00E356F21AD99517003FC87E /* IttilaaTests.m */,
				00E356F01AD99517003FC87E /* Supporting Files */,
			);
			path = IttilaaTests;
			sourceTree = "<group>";
		};
		00E356F01AD99517003FC87E /* Supporting Files */ = {
			isa = PBXGroup;
			children = (
				00E356F11AD99517003FC87E /* Info.plist */,
			);
			name = "Supporting Files";
			sourceTree = "<group>";
		};
		044DDB0C29D2CC5500257BD4 /* Fonts */ = {
			isa = PBXGroup;
			children = (
				044DDB0D29D2CC5500257BD4 /* Fontisto.ttf */,
				044DDB0E29D2CC5500257BD4 /* Octicons.ttf */,
				044DDB0F29D2CC5500257BD4 /* Feather.ttf */,
				044DDB1029D2CC5500257BD4 /* Entypo.ttf */,
				044DDB1129D2CC5500257BD4 /* FontAwesome5_Brands.ttf */,
				044DDB1229D2CC5500257BD4 /* MaterialCommunityIcons.ttf */,
				044DDB1329D2CC5500257BD4 /* AntDesign.ttf */,
				044DDB1429D2CC5500257BD4 /* Foundation.ttf */,
				044DDB1529D2CC5500257BD4 /* Ionicons.ttf */,
				044DDB1629D2CC5500257BD4 /* FontAwesome5_Solid.ttf */,
				044DDB1729D2CC5500257BD4 /* FontAwesome5_Regular.ttf */,
				044DDB1829D2CC5500257BD4 /* FontAwesome.ttf */,
				044DDB1929D2CC5500257BD4 /* Zocial.ttf */,
				044DDB1A29D2CC5500257BD4 /* EvilIcons.ttf */,
				044DDB1B29D2CC5500257BD4 /* SimpleLineIcons.ttf */,
				044DDB1C29D2CC5500257BD4 /* MaterialIcons.ttf */,
			);
			name = Fonts;
			path = "../node_modules/react-native-vector-icons/Fonts";
			sourceTree = "<group>";
		};
		13B07FAE1A68108700A75B9A /* Ittilaa */ = {
			isa = PBXGroup;
			children = (
				FA309A042AAB402500720807 /* main.jsbundle */,
				13B07FAF1A68108700A75B9A /* AppDelegate.h */,
				13B07FB01A68108700A75B9A /* AppDelegate.mm */,
				13B07FB51A68108700A75B9A /* Images.xcassets */,
				13B07FB61A68108700A75B9A /* Info.plist */,
				81AB9BB72411601600AC10FF /* LaunchScreen.storyboard */,
				13B07FB71A68108700A75B9A /* main.m */,
			);
			name = Ittilaa;
			sourceTree = "<group>";
		};
		2D16E6871FA4F8E400B85C8A /* Frameworks */ = {
			isa = PBXGroup;
			children = (
				04C38EC929D40F8A00C3F00A /* libRNShare.a */,
				044DDB4329D2D50D00257BD4 /* libRNShare.a */,
				044DDB0A29D2C95D00257BD4 /* MessageUI.framework */,
				044DDB0829D2C95300257BD4 /* Social.framework */,
				044DDB0629D2C90800257BD4 /* libRNShare.a */,
				ED297162215061F000B7C4FE /* JavaScriptCore.framework */,
				09940633B2836AB4CDDE7707 /* libPods-Ittilaa.a */,
				B6BA0FC5F13CDFB2B1F93803 /* libPods-Ittilaa-IttilaaTests.a */,
			);
			name = Frameworks;
			sourceTree = "<group>";
		};
		832341AE1AAA6A7D00B99B32 /* Libraries */ = {
			isa = PBXGroup;
			children = (
			);
			name = Libraries;
			sourceTree = "<group>";
		};
		83CBB9F61A601CBA00E9B192 = {
			isa = PBXGroup;
			children = (
				FA58890B2AFE89C600416E07 /* GoogleService-Info.plist */,
				FA8FBFCF2AB0B4CC007E6E09 /* Assets */,
				044DDB0C29D2CC5500257BD4 /* Fonts */,
				13B07FAE1A68108700A75B9A /* Ittilaa */,
				832341AE1AAA6A7D00B99B32 /* Libraries */,
				00E356EF1AD99517003FC87E /* IttilaaTests */,
				83CBBA001A601CBA00E9B192 /* Products */,
				2D16E6871FA4F8E400B85C8A /* Frameworks */,
				BBD78D7AC51CEA395F1C20DB /* Pods */,
				C8F399D494B54BD9ACF348C4 /* Resources */,
			);
			indentWidth = 2;
			sourceTree = "<group>";
			tabWidth = 2;
			usesTabs = 0;
		};
		83CBBA001A601CBA00E9B192 /* Products */ = {
			isa = PBXGroup;
			children = (
				13B07F961A680F5B00A75B9A /* Ittilaa.app */,
				00E356EE1AD99517003FC87E /* IttilaaTests.xctest */,
			);
			name = Products;
			sourceTree = "<group>";
		};
		BBD78D7AC51CEA395F1C20DB /* Pods */ = {
			isa = PBXGroup;
			children = (
				7CB6E48A7704C4993CE1E6A3 /* Pods-Ittilaa.debug.xcconfig */,
				C423A0C7CB570BCE230FF75A /* Pods-Ittilaa.release.xcconfig */,
				1C3BA34931454F004F8229FB /* Pods-Ittilaa-IttilaaTests.debug.xcconfig */,
				6C813C644DDF98B42ECF6B5C /* Pods-Ittilaa-IttilaaTests.release.xcconfig */,
			);
			path = Pods;
			sourceTree = "<group>";
		};
		C8F399D494B54BD9ACF348C4 /* Resources */ = {
			isa = PBXGroup;
			children = (
				422C46FF16D145F0820AC85E /* AntDesign.ttf */,
				C6C08398A5B8491AA393C12C /* Entypo.ttf */,
				E319DBA173CA4B20A5779DD4 /* EvilIcons.ttf */,
				783B81EC884843508536CD13 /* Feather.ttf */,
				A872EB4449E341868F31120A /* FontAwesome.ttf */,
				F2D6894F321949AB9562987F /* FontAwesome5_Brands.ttf */,
				71A66DD04FDD4A36B4330F36 /* FontAwesome5_Regular.ttf */,
				A3B4C44AC12B4AD08228977B /* FontAwesome5_Solid.ttf */,
				D76F4BEB61BA40539BB3A32B /* Fontisto.ttf */,
				D8922B9E1D764BAB8E86A1AC /* Foundation.ttf */,
				4E5C73C04B9A4E1381676F19 /* Ionicons.ttf */,
				0520EDCD117C4502B7C19CE7 /* MaterialCommunityIcons.ttf */,
				84BC5EDD2A5541229AC7FF16 /* MaterialIcons.ttf */,
				B2F1921FADA144F182789A5F /* Octicons.ttf */,
				2C0CEE71E6524122B24CA710 /* Poppins-Bold.ttf */,
				B2B2B344907441879BD7F37A /* Poppins-Light.ttf */,
				A81958FFEA5646F9A99A59AE /* Poppins-Medium.ttf */,
				AD580AE582A6437E914C7E3A /* Poppins-Regular.ttf */,
				5448984B1D144C1B94A1DDAE /* Poppins-SemiBold.ttf */,
				E0D8FC7BC98C4828BC6D3A0C /* SimpleLineIcons.ttf */,
				F65F0910ADC5464F92B0E1C6 /* Zocial.ttf */,
				8A5E645679494FB5A1409E0F /* Poppins-Bold.ttf */,
				6EB2CB3A939545B7B789F4C4 /* Poppins-Light.ttf */,
				181DB946FF1248C0BA56569D /* Poppins-Medium.ttf */,
				72C935807D1849BC8CB645C5 /* Poppins-Regular.ttf */,
				50FA0FA8202C41F19228098B /* Poppins-SemiBold.ttf */,
			);
			name = Resources;
			sourceTree = "<group>";
		};
		FA8FBFCF2AB0B4CC007E6E09 /* Assets */ = {
			isa = PBXGroup;
			children = (
				FA8FBFD02AB0B4CC007E6E09 /* Images */,
			);
			path = Assets;
			sourceTree = "<group>";
		};
		FA8FBFD02AB0B4CC007E6E09 /* Images */ = {
			isa = PBXGroup;
			children = (
				FA8FBFD12AB0B4CC007E6E09 /* agency-icon.png */,
				FA8FBFD22AB0B4CC007E6E09 /* feature1.jpg */,
				FA8FBFD32AB0B4CC007E6E09 /* feature2.jpg */,
				FA8FBFD42AB0B4CC007E6E09 /* ad-icon.png */,
				FA8FBFD52AB0B4CC007E6E09 /* map.png */,
				FA8FBFD62AB0B4CC007E6E09 /* user.png */,
				FA8FBFD72AB0B4CC007E6E09 /* tamjeed.png */,
				FA8FBFD82AB0B4CC007E6E09 /* news1.jpg */,
				FA8FBFD92AB0B4CC007E6E09 /* news2.jpg */,
				FA8FBFDA2AB0B4CC007E6E09 /* logo.png */,
				FA8FBFDB2AB0B4CC007E6E09 /* logo2.png */,
				FA8FBFDC2AB0B4CC007E6E09 /* agency-dummy.png */,
				FA8FBFDD2AB0B4CC007E6E09 /* classified.jpeg */,
				FA8FBFDE2AB0B4CC007E6E09 /* call.png */,
				FA8FBFDF2AB0B4CC007E6E09 /* logo22.png */,
				FA8FBFE02AB0B4CC007E6E09 /* logoAnim.gif */,
				FA8FBFE12AB0B4CC007E6E09 /* home1.jpg */,
				FA8FBFE22AB0B4CC007E6E09 /* whatsapp.png */,
				FA8FBFE32AB0B4CC007E6E09 /* social.png */,
				FA8FBFE42AB0B4CC007E6E09 /* bg.png */,
				FA8FBFE52AB0B4CC007E6E09 /* bg.jpg */,
			);
			path = Images;
			sourceTree = "<group>";
		};
/* End PBXGroup section */

/* Begin PBXNativeTarget section */
		00E356ED1AD99517003FC87E /* IttilaaTests */ = {
			isa = PBXNativeTarget;
			buildConfigurationList = 00E357021AD99517003FC87E /* Build configuration list for PBXNativeTarget "IttilaaTests" */;
			buildPhases = (
				7C2B0DE8DE72572361719C8E /* [CP] Check Pods Manifest.lock */,
				00E356EA1AD99517003FC87E /* Sources */,
				00E356EB1AD99517003FC87E /* Frameworks */,
				00E356EC1AD99517003FC87E /* Resources */,
				2CAB8673A5552B00DCF560CE /* [CP] Embed Pods Frameworks */,
				8AA0CC061BB4B1288DE9613B /* [CP] Copy Pods Resources */,
			);
			buildRules = (
			);
			dependencies = (
				00E356F51AD99517003FC87E /* PBXTargetDependency */,
			);
			name = IttilaaTests;
			packageProductDependencies = (
				B456EE6B1796CE555CAF9AC3 /* Mapbox */,
			);
			productName = IttilaaTests;
			productReference = 00E356EE1AD99517003FC87E /* IttilaaTests.xctest */;
			productType = "com.apple.product-type.bundle.unit-test";
		};
		13B07F861A680F5B00A75B9A /* Ittilaa */ = {
			isa = PBXNativeTarget;
			buildConfigurationList = 13B07F931A680F5B00A75B9A /* Build configuration list for PBXNativeTarget "Ittilaa" */;
			buildPhases = (
				24E0FD8FC5EA437C04643D36 /* [CP] Check Pods Manifest.lock */,
				FD10A7F022414F080027D42C /* Start Packager */,
				13B07F871A680F5B00A75B9A /* Sources */,
				13B07F8C1A680F5B00A75B9A /* Frameworks */,
				13B07F8E1A680F5B00A75B9A /* Resources */,
				00DD1BFF1BD5951E006B06BC /* Bundle React Native code and images */,
				1623B5DA90715B64B8D1B5B6 /* [CP] Embed Pods Frameworks */,
				B33BF4107797AC30CE1293E0 /* [CP] Copy Pods Resources */,
				D78CAAAD68A2FE2877A7DC72 /* [CP-User] [RNFB] Core Configuration */,
			);
			buildRules = (
			);
			dependencies = (
			);
			name = Ittilaa;
			packageProductDependencies = (
				570D42E72A673210003A5E8F /* Mapbox */,
			);
			productName = Ittilaa;
			productReference = 13B07F961A680F5B00A75B9A /* Ittilaa.app */;
			productType = "com.apple.product-type.application";
		};
/* End PBXNativeTarget section */

/* Begin PBXProject section */
		83CBB9F71A601CBA00E9B192 /* Project object */ = {
			isa = PBXProject;
			attributes = {
				BuildIndependentTargetsInParallel = NO;
				LastUpgradeCheck = 1430;
				TargetAttributes = {
					00E356ED1AD99517003FC87E = {
						CreatedOnToolsVersion = 6.2;
						TestTargetID = 13B07F861A680F5B00A75B9A;
					};
					13B07F861A680F5B00A75B9A = {
						LastSwiftMigration = 1120;
					};
				};
			};
			buildConfigurationList = 83CBB9FA1A601CBA00E9B192 /* Build configuration list for PBXProject "Ittilaa" */;
			compatibilityVersion = "Xcode 12.0";
			developmentRegion = en;
			hasScannedForEncodings = 0;
			knownRegions = (
				en,
				Base,
			);
			mainGroup = 83CBB9F61A601CBA00E9B192;
			packageReferences = (
				462DBECBFC11CD5EE7819A59 /* XCRemoteSwiftPackageReference "maplibre-gl-native-distribution" */,
			);
			productRefGroup = 83CBBA001A601CBA00E9B192 /* Products */;
			projectDirPath = "";
			projectRoot = "";
			targets = (
				13B07F861A680F5B00A75B9A /* Ittilaa */,
				00E356ED1AD99517003FC87E /* IttilaaTests */,
			);
		};
/* End PBXProject section */

/* Begin PBXResourcesBuildPhase section */
		00E356EC1AD99517003FC87E /* Resources */ = {
			isa = PBXResourcesBuildPhase;
			buildActionMask = 2147483647;
			files = (
			);
			runOnlyForDeploymentPostprocessing = 0;
		};
		13B07F8E1A680F5B00A75B9A /* Resources */ = {
			isa = PBXResourcesBuildPhase;
			buildActionMask = 2147483647;
			files = (
				0464E58329D59BED00574F45 /* Fontisto.ttf in Resources */,
				0464E58429D59BED00574F45 /* Octicons.ttf in Resources */,
				FA8FBFF42AB0B4CD007E6E09 /* logo22.png in Resources */,
				FA8FBFF22AB0B4CD007E6E09 /* classified.jpeg in Resources */,
				FA8FBFF82AB0B4CD007E6E09 /* social.png in Resources */,
				0464E58529D59BED00574F45 /* Feather.ttf in Resources */,
				0464E58629D59BED00574F45 /* Entypo.ttf in Resources */,
				0464E58729D59BED00574F45 /* FontAwesome5_Brands.ttf in Resources */,
				FA8FBFE72AB0B4CC007E6E09 /* feature1.jpg in Resources */,
				FA8FBFEE2AB0B4CC007E6E09 /* news2.jpg in Resources */,
				0464E58829D59BED00574F45 /* MaterialCommunityIcons.ttf in Resources */,
				0464E58929D59BED00574F45 /* AntDesign.ttf in Resources */,
				0464E58A29D59BED00574F45 /* Foundation.ttf in Resources */,
				FA8FBFEF2AB0B4CC007E6E09 /* logo.png in Resources */,
				0464E58B29D59BED00574F45 /* Ionicons.ttf in Resources */,
				FA8FBFF32AB0B4CD007E6E09 /* call.png in Resources */,
				FA8FBFF12AB0B4CD007E6E09 /* agency-dummy.png in Resources */,
				0464E58C29D59BED00574F45 /* FontAwesome5_Solid.ttf in Resources */,
				81AB9BB82411601600AC10FF /* LaunchScreen.storyboard in Resources */,
				FA58890C2AFE89C600416E07 /* GoogleService-Info.plist in Resources */,
				FA8FBFF92AB0B4CD007E6E09 /* bg.png in Resources */,
				FA8FBFE82AB0B4CC007E6E09 /* feature2.jpg in Resources */,
				0464E58D29D59BED00574F45 /* FontAwesome5_Regular.ttf in Resources */,
				0464E58E29D59BED00574F45 /* FontAwesome.ttf in Resources */,
				0464E58F29D59BED00574F45 /* Zocial.ttf in Resources */,
				FA8FBFE92AB0B4CC007E6E09 /* ad-icon.png in Resources */,
				FA8FBFE62AB0B4CC007E6E09 /* agency-icon.png in Resources */,
				0464E59029D59BED00574F45 /* EvilIcons.ttf in Resources */,
				FA8FBFFA2AB0B4CD007E6E09 /* bg.jpg in Resources */,
				0464E59129D59BED00574F45 /* SimpleLineIcons.ttf in Resources */,
				FA8FBFED2AB0B4CC007E6E09 /* news1.jpg in Resources */,
				FA309A062AAB406100720807 /* main.jsbundle in Resources */,
				0464E59229D59BED00574F45 /* MaterialIcons.ttf in Resources */,
				13B07FBF1A68108700A75B9A /* Images.xcassets in Resources */,
				FA8FBFEC2AB0B4CC007E6E09 /* tamjeed.png in Resources */,
				FA8FBFEB2AB0B4CC007E6E09 /* user.png in Resources */,
				FA8FBFEA2AB0B4CC007E6E09 /* map.png in Resources */,
				FA8FBFF52AB0B4CD007E6E09 /* logoAnim.gif in Resources */,
				FA8FBFF72AB0B4CD007E6E09 /* whatsapp.png in Resources */,
				AD9BB36B575641F8AF01DCA4 /* Poppins-Bold.ttf in Resources */,
				FA8FBFF02AB0B4CD007E6E09 /* logo2.png in Resources */,
				44FE53C8A47F4B28BA714B31 /* Poppins-Light.ttf in Resources */,
				5AA06F129E474A0BA134AD79 /* Poppins-Medium.ttf in Resources */,
				2A53DC53099240508433F0D8 /* Poppins-Regular.ttf in Resources */,
				FA8FBFF62AB0B4CD007E6E09 /* home1.jpg in Resources */,
				E5C495D6DE9D44DFBC769DE6 /* Poppins-SemiBold.ttf in Resources */,
			);
			runOnlyForDeploymentPostprocessing = 0;
		};
/* End PBXResourcesBuildPhase section */

/* Begin PBXShellScriptBuildPhase section */
		00DD1BFF1BD5951E006B06BC /* Bundle React Native code and images */ = {
			isa = PBXShellScriptBuildPhase;
			buildActionMask = 8;
			files = (
			);
			inputPaths = (
			);
			name = "Bundle React Native code and images";
			outputPaths = (
			);
			runOnlyForDeploymentPostprocessing = 1;
			shellPath = /bin/sh;
			shellScript = "set -e\n\nexport NODE_BINARY=node\n../node_modules/react-native/scripts/react-native-xcode.sh\n";
		};
		1623B5DA90715B64B8D1B5B6 /* [CP] Embed Pods Frameworks */ = {
			isa = PBXShellScriptBuildPhase;
			buildActionMask = 2147483647;
			files = (
			);
			inputFileListPaths = (
				"${PODS_ROOT}/Target Support Files/Pods-Ittilaa/Pods-Ittilaa-frameworks-${CONFIGURATION}-input-files.xcfilelist",
			);
			name = "[CP] Embed Pods Frameworks";
			outputFileListPaths = (
				"${PODS_ROOT}/Target Support Files/Pods-Ittilaa/Pods-Ittilaa-frameworks-${CONFIGURATION}-output-files.xcfilelist",
			);
			runOnlyForDeploymentPostprocessing = 0;
			shellPath = /bin/sh;
			shellScript = "\"${PODS_ROOT}/Target Support Files/Pods-Ittilaa/Pods-Ittilaa-frameworks.sh\"\n";
			showEnvVarsInLog = 0;
		};
		24E0FD8FC5EA437C04643D36 /* [CP] Check Pods Manifest.lock */ = {
			isa = PBXShellScriptBuildPhase;
			buildActionMask = 2147483647;
			files = (
			);
			inputFileListPaths = (
			);
			inputPaths = (
				"${PODS_PODFILE_DIR_PATH}/Podfile.lock",
				"${PODS_ROOT}/Manifest.lock",
			);
			name = "[CP] Check Pods Manifest.lock";
			outputFileListPaths = (
			);
			outputPaths = (
				"$(DERIVED_FILE_DIR)/Pods-Ittilaa-checkManifestLockResult.txt",
			);
			runOnlyForDeploymentPostprocessing = 0;
			shellPath = /bin/sh;
			shellScript = "diff \"${PODS_PODFILE_DIR_PATH}/Podfile.lock\" \"${PODS_ROOT}/Manifest.lock\" > /dev/null\nif [ $? != 0 ] ; then\n    # print error to STDERR\n    echo \"error: The sandbox is not in sync with the Podfile.lock. Run 'pod install' or update your CocoaPods installation.\" >&2\n    exit 1\nfi\n# This output is used by Xcode 'outputs' to avoid re-running this script phase.\necho \"SUCCESS\" > \"${SCRIPT_OUTPUT_FILE_0}\"\n";
			showEnvVarsInLog = 0;
		};
		2CAB8673A5552B00DCF560CE /* [CP] Embed Pods Frameworks */ = {
			isa = PBXShellScriptBuildPhase;
			buildActionMask = 2147483647;
			files = (
			);
			inputFileListPaths = (
				"${PODS_ROOT}/Target Support Files/Pods-Ittilaa-IttilaaTests/Pods-Ittilaa-IttilaaTests-frameworks-${CONFIGURATION}-input-files.xcfilelist",
			);
			name = "[CP] Embed Pods Frameworks";
			outputFileListPaths = (
				"${PODS_ROOT}/Target Support Files/Pods-Ittilaa-IttilaaTests/Pods-Ittilaa-IttilaaTests-frameworks-${CONFIGURATION}-output-files.xcfilelist",
			);
			runOnlyForDeploymentPostprocessing = 0;
			shellPath = /bin/sh;
			shellScript = "\"${PODS_ROOT}/Target Support Files/Pods-Ittilaa-IttilaaTests/Pods-Ittilaa-IttilaaTests-frameworks.sh\"\n";
			showEnvVarsInLog = 0;
		};
		7C2B0DE8DE72572361719C8E /* [CP] Check Pods Manifest.lock */ = {
			isa = PBXShellScriptBuildPhase;
			buildActionMask = 2147483647;
			files = (
			);
			inputFileListPaths = (
			);
			inputPaths = (
				"${PODS_PODFILE_DIR_PATH}/Podfile.lock",
				"${PODS_ROOT}/Manifest.lock",
			);
			name = "[CP] Check Pods Manifest.lock";
			outputFileListPaths = (
			);
			outputPaths = (
				"$(DERIVED_FILE_DIR)/Pods-Ittilaa-IttilaaTests-checkManifestLockResult.txt",
			);
			runOnlyForDeploymentPostprocessing = 0;
			shellPath = /bin/sh;
			shellScript = "diff \"${PODS_PODFILE_DIR_PATH}/Podfile.lock\" \"${PODS_ROOT}/Manifest.lock\" > /dev/null\nif [ $? != 0 ] ; then\n    # print error to STDERR\n    echo \"error: The sandbox is not in sync with the Podfile.lock. Run 'pod install' or update your CocoaPods installation.\" >&2\n    exit 1\nfi\n# This output is used by Xcode 'outputs' to avoid re-running this script phase.\necho \"SUCCESS\" > \"${SCRIPT_OUTPUT_FILE_0}\"\n";
			showEnvVarsInLog = 0;
		};
		8AA0CC061BB4B1288DE9613B /* [CP] Copy Pods Resources */ = {
			isa = PBXShellScriptBuildPhase;
			buildActionMask = 2147483647;
			files = (
			);
			inputFileListPaths = (
				"${PODS_ROOT}/Target Support Files/Pods-Ittilaa-IttilaaTests/Pods-Ittilaa-IttilaaTests-resources-${CONFIGURATION}-input-files.xcfilelist",
			);
			name = "[CP] Copy Pods Resources";
			outputFileListPaths = (
				"${PODS_ROOT}/Target Support Files/Pods-Ittilaa-IttilaaTests/Pods-Ittilaa-IttilaaTests-resources-${CONFIGURATION}-output-files.xcfilelist",
			);
			runOnlyForDeploymentPostprocessing = 0;
			shellPath = /bin/sh;
			shellScript = "\"${PODS_ROOT}/Target Support Files/Pods-Ittilaa-IttilaaTests/Pods-Ittilaa-IttilaaTests-resources.sh\"\n";
			showEnvVarsInLog = 0;
		};
		B33BF4107797AC30CE1293E0 /* [CP] Copy Pods Resources */ = {
			isa = PBXShellScriptBuildPhase;
			buildActionMask = 2147483647;
			files = (
			);
			inputFileListPaths = (
				"${PODS_ROOT}/Target Support Files/Pods-Ittilaa/Pods-Ittilaa-resources-${CONFIGURATION}-input-files.xcfilelist",
			);
			name = "[CP] Copy Pods Resources";
			outputFileListPaths = (
				"${PODS_ROOT}/Target Support Files/Pods-Ittilaa/Pods-Ittilaa-resources-${CONFIGURATION}-output-files.xcfilelist",
			);
			runOnlyForDeploymentPostprocessing = 0;
			shellPath = /bin/sh;
			shellScript = "\"${PODS_ROOT}/Target Support Files/Pods-Ittilaa/Pods-Ittilaa-resources.sh\"\n";
			showEnvVarsInLog = 0;
		};
		D78CAAAD68A2FE2877A7DC72 /* [CP-User] [RNFB] Core Configuration */ = {
			isa = PBXShellScriptBuildPhase;
			buildActionMask = 2147483647;
			files = (
			);
			inputPaths = (
				"$(BUILT_PRODUCTS_DIR)/$(INFOPLIST_PATH)",
			);
			name = "[CP-User] [RNFB] Core Configuration";
			runOnlyForDeploymentPostprocessing = 0;
			shellPath = /bin/sh;
			shellScript = "#!/usr/bin/env bash\n#\n# Copyright (c) 2016-present Invertase Limited & Contributors\n#\n# Licensed under the Apache License, Version 2.0 (the \"License\");\n# you may not use this library except in compliance with the License.\n# You may obtain a copy of the License at\n#\n#   http://www.apache.org/licenses/LICENSE-2.0\n#\n# Unless required by applicable law or agreed to in writing, software\n# distributed under the License is distributed on an \"AS IS\" BASIS,\n# WITHOUT WARRANTIES OR CONDITIONS OF ANY KIND, either express or implied.\n# See the License for the specific language governing permissions and\n# limitations under the License.\n#\nset -e\n\n_MAX_LOOKUPS=2;\n_SEARCH_RESULT=''\n_RN_ROOT_EXISTS=''\n_CURRENT_LOOKUPS=1\n_JSON_ROOT=\"'react-native'\"\n_JSON_FILE_NAME='firebase.json'\n_JSON_OUTPUT_BASE64='e30=' # { }\n_CURRENT_SEARCH_DIR=${PROJECT_DIR}\n_PLIST_BUDDY=/usr/libexec/PlistBuddy\n_TARGET_PLIST=\"${BUILT_PRODUCTS_DIR}/${INFOPLIST_PATH}\"\n_DSYM_PLIST=\"${DWARF_DSYM_FOLDER_PATH}/${DWARF_DSYM_FILE_NAME}/Contents/Info.plist\"\n\n# plist arrays\n_PLIST_ENTRY_KEYS=()\n_PLIST_ENTRY_TYPES=()\n_PLIST_ENTRY_VALUES=()\n\nfunction setPlistValue {\n  echo \"info:      setting plist entry '$1' of type '$2' in file '$4'\"\n  ${_PLIST_BUDDY} -c \"Add :$1 $2 '$3'\" $4 || echo \"info:      '$1' already exists\"\n}\n\nfunction getFirebaseJsonKeyValue () {\n  if [[ ${_RN_ROOT_EXISTS} ]]; then\n    ruby -Ku -e \"require 'rubygems';require 'json'; output=JSON.parse('$1'); puts output[$_JSON_ROOT]['$2']\"\n  else\n    echo \"\"\n  fi;\n}\n\nfunction jsonBoolToYesNo () {\n  if [[ $1 == \"false\" ]]; then\n    echo \"NO\"\n  elif [[ $1 == \"true\" ]]; then\n    echo \"YES\"\n  else echo \"NO\"\n  fi\n}\n\necho \"info: -> RNFB build script started\"\necho \"info: 1) Locating ${_JSON_FILE_NAME} file:\"\n\nif [[ -z ${_CURRENT_SEARCH_DIR} ]]; then\n  _CURRENT_SEARCH_DIR=$(pwd)\nfi;\n\nwhile true; do\n  _CURRENT_SEARCH_DIR=$(dirname \"$_CURRENT_SEARCH_DIR\")\n  if [[ \"$_CURRENT_SEARCH_DIR\" == \"/\" ]] || [[ ${_CURRENT_LOOKUPS} -gt ${_MAX_LOOKUPS} ]]; then break; fi;\n  echo \"info:      ($_CURRENT_LOOKUPS of $_MAX_LOOKUPS) Searching in '$_CURRENT_SEARCH_DIR' for a ${_JSON_FILE_NAME} file.\"\n  _SEARCH_RESULT=$(find \"$_CURRENT_SEARCH_DIR\" -maxdepth 2 -name ${_JSON_FILE_NAME} -print | /usr/bin/head -n 1)\n  if [[ ${_SEARCH_RESULT} ]]; then\n    echo \"info:      ${_JSON_FILE_NAME} found at $_SEARCH_RESULT\"\n    break;\n  fi;\n  _CURRENT_LOOKUPS=$((_CURRENT_LOOKUPS+1))\ndone\n\nif [[ ${_SEARCH_RESULT} ]]; then\n  _JSON_OUTPUT_RAW=$(cat \"${_SEARCH_RESULT}\")\n  _RN_ROOT_EXISTS=$(ruby -Ku -e \"require 'rubygems';require 'json'; output=JSON.parse('$_JSON_OUTPUT_RAW'); puts output[$_JSON_ROOT]\" || echo '')\n\n  if [[ ${_RN_ROOT_EXISTS} ]]; then\n    if ! python3 --version >/dev/null 2>&1; then echo \"python3 not found, firebase.json file processing error.\" && exit 1; fi\n    _JSON_OUTPUT_BASE64=$(python3 -c 'import json,sys,base64;print(base64.b64encode(bytes(json.dumps(json.loads(open('\"'${_SEARCH_RESULT}'\"', '\"'rb'\"').read())['${_JSON_ROOT}']), '\"'utf-8'\"')).decode())' || echo \"e30=\")\n  fi\n\n  _PLIST_ENTRY_KEYS+=(\"firebase_json_raw\")\n  _PLIST_ENTRY_TYPES+=(\"string\")\n  _PLIST_ENTRY_VALUES+=(\"$_JSON_OUTPUT_BASE64\")\n\n  # config.app_data_collection_default_enabled\n  _APP_DATA_COLLECTION_ENABLED=$(getFirebaseJsonKeyValue \"$_JSON_OUTPUT_RAW\" \"app_data_collection_default_enabled\")\n  if [[ $_APP_DATA_COLLECTION_ENABLED ]]; then\n    _PLIST_ENTRY_KEYS+=(\"FirebaseDataCollectionDefaultEnabled\")\n    _PLIST_ENTRY_TYPES+=(\"bool\")\n    _PLIST_ENTRY_VALUES+=(\"$(jsonBoolToYesNo \"$_APP_DATA_COLLECTION_ENABLED\")\")\n  fi\n\n  # config.analytics_auto_collection_enabled\n  _ANALYTICS_AUTO_COLLECTION=$(getFirebaseJsonKeyValue \"$_JSON_OUTPUT_RAW\" \"analytics_auto_collection_enabled\")\n  if [[ $_ANALYTICS_AUTO_COLLECTION ]]; then\n    _PLIST_ENTRY_KEYS+=(\"FIREBASE_ANALYTICS_COLLECTION_ENABLED\")\n    _PLIST_ENTRY_TYPES+=(\"bool\")\n    _PLIST_ENTRY_VALUES+=(\"$(jsonBoolToYesNo \"$_ANALYTICS_AUTO_COLLECTION\")\")\n  fi\n\n  # config.analytics_collection_deactivated\n  _ANALYTICS_DEACTIVATED=$(getFirebaseJsonKeyValue \"$_JSON_OUTPUT_RAW\" \"analytics_collection_deactivated\")\n  if [[ $_ANALYTICS_DEACTIVATED ]]; then\n    _PLIST_ENTRY_KEYS+=(\"FIREBASE_ANALYTICS_COLLECTION_DEACTIVATED\")\n    _PLIST_ENTRY_TYPES+=(\"bool\")\n    _PLIST_ENTRY_VALUES+=(\"$(jsonBoolToYesNo \"$_ANALYTICS_DEACTIVATED\")\")\n  fi\n\n  # config.analytics_idfv_collection_enabled\n  _ANALYTICS_IDFV_COLLECTION=$(getFirebaseJsonKeyValue \"$_JSON_OUTPUT_RAW\" \"analytics_idfv_collection_enabled\")\n  if [[ $_ANALYTICS_IDFV_COLLECTION ]]; then\n    _PLIST_ENTRY_KEYS+=(\"GOOGLE_ANALYTICS_IDFV_COLLECTION_ENABLED\")\n    _PLIST_ENTRY_TYPES+=(\"bool\")\n    _PLIST_ENTRY_VALUES+=(\"$(jsonBoolToYesNo \"$_ANALYTICS_IDFV_COLLECTION\")\")\n  fi\n\n  # config.analytics_default_allow_ad_personalization_signals\n  _ANALYTICS_PERSONALIZATION=$(getFirebaseJsonKeyValue \"$_JSON_OUTPUT_RAW\" \"analytics_default_allow_ad_personalization_signals\")\n  if [[ $_ANALYTICS_PERSONALIZATION ]]; then\n    _PLIST_ENTRY_KEYS+=(\"GOOGLE_ANALYTICS_DEFAULT_ALLOW_AD_PERSONALIZATION_SIGNALS\")\n    _PLIST_ENTRY_TYPES+=(\"bool\")\n    _PLIST_ENTRY_VALUES+=(\"$(jsonBoolToYesNo \"$_ANALYTICS_PERSONALIZATION\")\")\n  fi\n\n  # config.analytics_registration_with_ad_network_enabled\n  _ANALYTICS_REGISTRATION_WITH_AD_NETWORK=$(getFirebaseJsonKeyValue \"$_JSON_OUTPUT_RAW\" \"google_analytics_registration_with_ad_network_enabled\")\n  if [[ $_ANALYTICS_REGISTRATION_WITH_AD_NETWORK ]]; then\n    _PLIST_ENTRY_KEYS+=(\"GOOGLE_ANALYTICS_REGISTRATION_WITH_AD_NETWORK_ENABLED\")\n    _PLIST_ENTRY_TYPES+=(\"bool\")\n    _PLIST_ENTRY_VALUES+=(\"$(jsonBoolToYesNo \"$_ANALYTICS_REGISTRATION_WITH_AD_NETWORK\")\")\n  fi\n\n  # config.google_analytics_automatic_screen_reporting_enabled\n  _ANALYTICS_AUTO_SCREEN_REPORTING=$(getFirebaseJsonKeyValue \"$_JSON_OUTPUT_RAW\" \"google_analytics_automatic_screen_reporting_enabled\")\n  if [[ $_ANALYTICS_AUTO_SCREEN_REPORTING ]]; then\n    _PLIST_ENTRY_KEYS+=(\"FirebaseAutomaticScreenReportingEnabled\")\n    _PLIST_ENTRY_TYPES+=(\"bool\")\n    _PLIST_ENTRY_VALUES+=(\"$(jsonBoolToYesNo \"$_ANALYTICS_AUTO_SCREEN_REPORTING\")\")\n  fi\n\n  # config.perf_auto_collection_enabled\n  _PERF_AUTO_COLLECTION=$(getFirebaseJsonKeyValue \"$_JSON_OUTPUT_RAW\" \"perf_auto_collection_enabled\")\n  if [[ $_PERF_AUTO_COLLECTION ]]; then\n    _PLIST_ENTRY_KEYS+=(\"firebase_performance_collection_enabled\")\n    _PLIST_ENTRY_TYPES+=(\"bool\")\n    _PLIST_ENTRY_VALUES+=(\"$(jsonBoolToYesNo \"$_PERF_AUTO_COLLECTION\")\")\n  fi\n\n  # config.perf_collection_deactivated\n  _PERF_DEACTIVATED=$(getFirebaseJsonKeyValue \"$_JSON_OUTPUT_RAW\" \"perf_collection_deactivated\")\n  if [[ $_PERF_DEACTIVATED ]]; then\n    _PLIST_ENTRY_KEYS+=(\"firebase_performance_collection_deactivated\")\n    _PLIST_ENTRY_TYPES+=(\"bool\")\n    _PLIST_ENTRY_VALUES+=(\"$(jsonBoolToYesNo \"$_PERF_DEACTIVATED\")\")\n  fi\n\n  # config.messaging_auto_init_enabled\n  _MESSAGING_AUTO_INIT=$(getFirebaseJsonKeyValue \"$_JSON_OUTPUT_RAW\" \"messaging_auto_init_enabled\")\n  if [[ $_MESSAGING_AUTO_INIT ]]; then\n    _PLIST_ENTRY_KEYS+=(\"FirebaseMessagingAutoInitEnabled\")\n    _PLIST_ENTRY_TYPES+=(\"bool\")\n    _PLIST_ENTRY_VALUES+=(\"$(jsonBoolToYesNo \"$_MESSAGING_AUTO_INIT\")\")\n  fi\n\n  # config.in_app_messaging_auto_colllection_enabled\n  _FIAM_AUTO_INIT=$(getFirebaseJsonKeyValue \"$_JSON_OUTPUT_RAW\" \"in_app_messaging_auto_collection_enabled\")\n  if [[ $_FIAM_AUTO_INIT ]]; then\n    _PLIST_ENTRY_KEYS+=(\"FirebaseInAppMessagingAutomaticDataCollectionEnabled\")\n    _PLIST_ENTRY_TYPES+=(\"bool\")\n    _PLIST_ENTRY_VALUES+=(\"$(jsonBoolToYesNo \"$_FIAM_AUTO_INIT\")\")\n  fi\n\n  # config.app_check_token_auto_refresh\n  _APP_CHECK_TOKEN_AUTO_REFRESH=$(getFirebaseJsonKeyValue \"$_JSON_OUTPUT_RAW\" \"app_check_token_auto_refresh\")\n  if [[ $_APP_CHECK_TOKEN_AUTO_REFRESH ]]; then\n    _PLIST_ENTRY_KEYS+=(\"FirebaseAppCheckTokenAutoRefreshEnabled\")\n    _PLIST_ENTRY_TYPES+=(\"bool\")\n    _PLIST_ENTRY_VALUES+=(\"$(jsonBoolToYesNo \"$_APP_CHECK_TOKEN_AUTO_REFRESH\")\")\n  fi\n\n  # config.crashlytics_disable_auto_disabler - undocumented for now - mainly for debugging, document if becomes useful\n  _CRASHLYTICS_AUTO_DISABLE_ENABLED=$(getFirebaseJsonKeyValue \"$_JSON_OUTPUT_RAW\" \"crashlytics_disable_auto_disabler\")\n  if [[ $_CRASHLYTICS_AUTO_DISABLE_ENABLED == \"true\" ]]; then\n    echo \"Disabled Crashlytics auto disabler.\" # do nothing\n  else\n    _PLIST_ENTRY_KEYS+=(\"FirebaseCrashlyticsCollectionEnabled\")\n    _PLIST_ENTRY_TYPES+=(\"bool\")\n    _PLIST_ENTRY_VALUES+=(\"NO\")\n  fi\nelse\n  _PLIST_ENTRY_KEYS+=(\"firebase_json_raw\")\n  _PLIST_ENTRY_TYPES+=(\"string\")\n  _PLIST_ENTRY_VALUES+=(\"$_JSON_OUTPUT_BASE64\")\n  echo \"warning:   A firebase.json file was not found, whilst this file is optional it is recommended to include it to configure firebase services in React Native Firebase.\"\nfi;\n\necho \"info: 2) Injecting Info.plist entries: \"\n\n# Log out the keys we're adding\nfor i in \"${!_PLIST_ENTRY_KEYS[@]}\"; do\n  echo \"    ->  $i) ${_PLIST_ENTRY_KEYS[$i]}\" \"${_PLIST_ENTRY_TYPES[$i]}\" \"${_PLIST_ENTRY_VALUES[$i]}\"\ndone\n\nfor plist in \"${_TARGET_PLIST}\" \"${_DSYM_PLIST}\" ; do\n  if [[ -f \"${plist}\" ]]; then\n\n    # paths with spaces break the call to setPlistValue. temporarily modify\n    # the shell internal field separator variable (IFS), which normally\n    # includes spaces, to consist only of line breaks\n    oldifs=$IFS\n    IFS=\"\n\"\n\n    for i in \"${!_PLIST_ENTRY_KEYS[@]}\"; do\n      setPlistValue \"${_PLIST_ENTRY_KEYS[$i]}\" \"${_PLIST_ENTRY_TYPES[$i]}\" \"${_PLIST_ENTRY_VALUES[$i]}\" \"${plist}\"\n    done\n\n    # restore the original internal field separator value\n    IFS=$oldifs\n  else\n    echo \"warning:   A Info.plist build output file was not found (${plist})\"\n  fi\ndone\n\necho \"info: <- RNFB build script finished\"\n";
		};
		FD10A7F022414F080027D42C /* Start Packager */ = {
			isa = PBXShellScriptBuildPhase;
			buildActionMask = 2147483647;
			files = (
			);
			inputFileListPaths = (
			);
			inputPaths = (
			);
			name = "Start Packager";
			outputFileListPaths = (
			);
			outputPaths = (
			);
			runOnlyForDeploymentPostprocessing = 0;
			shellPath = /bin/sh;
			shellScript = "export RCT_METRO_PORT=\"${RCT_METRO_PORT:=8081}\"\necho \"export RCT_METRO_PORT=${RCT_METRO_PORT}\" > \"${SRCROOT}/../node_modules/react-native/scripts/.packager.env\"\nif [ -z \"${RCT_NO_LAUNCH_PACKAGER+xxx}\" ] ; then\n  if nc -w 5 -z localhost ${RCT_METRO_PORT} ; then\n    if ! curl -s \"http://localhost:${RCT_METRO_PORT}/status\" | grep -q \"packager-status:running\" ; then\n      echo \"Port ${RCT_METRO_PORT} already in use, packager is either not running or not running correctly\"\n      exit 2\n    fi\n  else\n    open \"$SRCROOT/../node_modules/react-native/scripts/launchPackager.command\" || echo \"Can't start packager automatically\"\n  fi\nfi\n";
			showEnvVarsInLog = 0;
		};
/* End PBXShellScriptBuildPhase section */

/* Begin PBXSourcesBuildPhase section */
		00E356EA1AD99517003FC87E /* Sources */ = {
			isa = PBXSourcesBuildPhase;
			buildActionMask = 2147483647;
			files = (
				00E356F31AD99517003FC87E /* IttilaaTests.m in Sources */,
			);
			runOnlyForDeploymentPostprocessing = 0;
		};
		13B07F871A680F5B00A75B9A /* Sources */ = {
			isa = PBXSourcesBuildPhase;
			buildActionMask = 2147483647;
			files = (
				13B07FBC1A68108700A75B9A /* AppDelegate.mm in Sources */,
				13B07FC11A68108700A75B9A /* main.m in Sources */,
			);
			runOnlyForDeploymentPostprocessing = 0;
		};
/* End PBXSourcesBuildPhase section */

/* Begin PBXTargetDependency section */
		00E356F51AD99517003FC87E /* PBXTargetDependency */ = {
			isa = PBXTargetDependency;
			target = 13B07F861A680F5B00A75B9A /* Ittilaa */;
			targetProxy = 00E356F41AD99517003FC87E /* PBXContainerItemProxy */;
		};
/* End PBXTargetDependency section */

/* Begin XCBuildConfiguration section */
		00E356F61AD99517003FC87E /* Debug */ = {
			isa = XCBuildConfiguration;
			baseConfigurationReference = 1C3BA34931454F004F8229FB /* Pods-Ittilaa-IttilaaTests.debug.xcconfig */;
			buildSettings = {
				ALWAYS_EMBED_SWIFT_STANDARD_LIBRARIES = YES;
				BUNDLE_LOADER = "$(TEST_HOST)";
				GCC_PREPROCESSOR_DEFINITIONS = (
					"DEBUG=1",
					"$(inherited)",
				);
				INFOPLIST_FILE = IttilaaTests/Info.plist;
				IPHONEOS_DEPLOYMENT_TARGET = 12.0;
				LD_RUNPATH_SEARCH_PATHS = (
					"$(inherited)",
					"@executable_path/Frameworks",
					"@loader_path/Frameworks",
				);
				OTHER_LDFLAGS = (
					"-ObjC",
					"-lc++",
					"$(inherited)",
				);
				PRODUCT_BUNDLE_IDENTIFIER = "org.reactjs.native.example.$(PRODUCT_NAME:rfc1034identifier)";
				PRODUCT_NAME = "$(TARGET_NAME)";
				TEST_HOST = "$(BUILT_PRODUCTS_DIR)/Ittilaa.app/Ittilaa";
			};
			name = Debug;
		};
		00E356F71AD99517003FC87E /* Release */ = {
			isa = XCBuildConfiguration;
			baseConfigurationReference = 6C813C644DDF98B42ECF6B5C /* Pods-Ittilaa-IttilaaTests.release.xcconfig */;
			buildSettings = {
				ALWAYS_EMBED_SWIFT_STANDARD_LIBRARIES = YES;
				BUNDLE_LOADER = "$(TEST_HOST)";
				COPY_PHASE_STRIP = NO;
				INFOPLIST_FILE = IttilaaTests/Info.plist;
				IPHONEOS_DEPLOYMENT_TARGET = 12.0;
				LD_RUNPATH_SEARCH_PATHS = (
					"$(inherited)",
					"@executable_path/Frameworks",
					"@loader_path/Frameworks",
				);
				OTHER_LDFLAGS = (
					"-ObjC",
					"-lc++",
					"$(inherited)",
				);
				PRODUCT_BUNDLE_IDENTIFIER = "org.reactjs.native.example.$(PRODUCT_NAME:rfc1034identifier)";
				PRODUCT_NAME = "$(TARGET_NAME)";
				TEST_HOST = "$(BUILT_PRODUCTS_DIR)/Ittilaa.app/Ittilaa";
			};
			name = Release;
		};
		13B07F941A680F5B00A75B9A /* Debug */ = {
			isa = XCBuildConfiguration;
			baseConfigurationReference = 7CB6E48A7704C4993CE1E6A3 /* Pods-Ittilaa.debug.xcconfig */;
			buildSettings = {
				ASSETCATALOG_COMPILER_APPICON_NAME = AppIcon;
				CLANG_ALLOW_NON_MODULAR_INCLUDES_IN_FRAMEWORK_MODULES = YES;
				CLANG_ENABLE_MODULES = YES;
				CODE_SIGN_IDENTITY = "Apple Development";
				CODE_SIGN_STYLE = Automatic;
				CURRENT_PROJECT_VERSION = 3;
				DEVELOPMENT_TEAM = 325F9S2M56;
				ENABLE_BITCODE = NO;
				"EXCLUDED_ARCHS[sdk=iphonesimulator*]" = arm64;
				HEADER_SEARCH_PATHS = (
					"$(inherited)",
					"\"${PODS_CONFIGURATION_BUILD_DIR}/DoubleConversion/DoubleConversion.framework/Headers\"",
					"\"${PODS_CONFIGURATION_BUILD_DIR}/FirebaseCore-framework/FirebaseCore.framework/Headers\"",
					"\"${PODS_CONFIGURATION_BUILD_DIR}/FirebaseCoreExtension/FirebaseCoreExtension.framework/Headers\"",
					"\"${PODS_CONFIGURATION_BUILD_DIR}/FirebaseCoreInternal-framework/FirebaseCoreInternal.framework/Headers\"",
					"\"${PODS_CONFIGURATION_BUILD_DIR}/FirebaseInstallations-framework/FirebaseInstallations.framework/Headers\"",
					"\"${PODS_CONFIGURATION_BUILD_DIR}/FirebaseMessaging/FirebaseMessaging.framework/Headers\"",
					"\"${PODS_CONFIGURATION_BUILD_DIR}/GoogleDataTransport/GoogleDataTransport.framework/Headers\"",
					"\"${PODS_CONFIGURATION_BUILD_DIR}/GoogleUtilities-framework/GoogleUtilities.framework/Headers\"",
					"\"${PODS_CONFIGURATION_BUILD_DIR}/MapboxMaps/MapboxMaps.framework/Headers\"",
					"\"${PODS_CONFIGURATION_BUILD_DIR}/PromisesObjC-framework/FBLPromises.framework/Headers\"",
					"\"${PODS_CONFIGURATION_BUILD_DIR}/RCT-Folly/folly.framework/Headers\"",
					"\"${PODS_CONFIGURATION_BUILD_DIR}/RCTTypeSafety/RCTTypeSafety.framework/Headers\"",
					"\"${PODS_CONFIGURATION_BUILD_DIR}/RNCAsyncStorage/RNCAsyncStorage.framework/Headers\"",
					"\"${PODS_CONFIGURATION_BUILD_DIR}/RNFBApp/RNFBApp.framework/Headers\"",
					"\"${PODS_CONFIGURATION_BUILD_DIR}/RNFBMessaging/RNFBMessaging.framework/Headers\"",
					"\"${PODS_CONFIGURATION_BUILD_DIR}/RNGestureHandler/RNGestureHandler.framework/Headers\"",
					"\"${PODS_CONFIGURATION_BUILD_DIR}/RNScreens/RNScreens.framework/Headers\"",
					"\"${PODS_CONFIGURATION_BUILD_DIR}/RNShare/RNShare.framework/Headers\"",
					"\"${PODS_CONFIGURATION_BUILD_DIR}/React-Codegen/React_Codegen.framework/Headers\"",
					"\"${PODS_CONFIGURATION_BUILD_DIR}/React-Core/React.framework/Headers\"",
					"\"${PODS_CONFIGURATION_BUILD_DIR}/React-CoreModules/CoreModules.framework/Headers\"",
					"\"${PODS_CONFIGURATION_BUILD_DIR}/React-RCTAnimation/RCTAnimation.framework/Headers\"",
					"\"${PODS_CONFIGURATION_BUILD_DIR}/React-RCTBlob/RCTBlob.framework/Headers\"",
					"\"${PODS_CONFIGURATION_BUILD_DIR}/React-RCTImage/RCTImage.framework/Headers\"",
					"\"${PODS_CONFIGURATION_BUILD_DIR}/React-RCTLinking/RCTLinking.framework/Headers\"",
					"\"${PODS_CONFIGURATION_BUILD_DIR}/React-RCTNetwork/RCTNetwork.framework/Headers\"",
					"\"${PODS_CONFIGURATION_BUILD_DIR}/React-RCTSettings/RCTSettings.framework/Headers\"",
					"\"${PODS_CONFIGURATION_BUILD_DIR}/React-RCTText/RCTText.framework/Headers\"",
					"\"${PODS_CONFIGURATION_BUILD_DIR}/React-RCTVibration/RCTVibration.framework/Headers\"",
					"\"${PODS_CONFIGURATION_BUILD_DIR}/React-cxxreact/cxxreact.framework/Headers\"",
					"\"${PODS_CONFIGURATION_BUILD_DIR}/React-jsi/jsi.framework/Headers\"",
					"\"${PODS_CONFIGURATION_BUILD_DIR}/React-jsiexecutor/jsireact.framework/Headers\"",
					"\"${PODS_CONFIGURATION_BUILD_DIR}/React-jsinspector/jsinspector.framework/Headers\"",
					"\"${PODS_CONFIGURATION_BUILD_DIR}/React-logger/logger.framework/Headers\"",
					"\"${PODS_CONFIGURATION_BUILD_DIR}/React-perflogger/reactperflogger.framework/Headers\"",
					"\"${PODS_CONFIGURATION_BUILD_DIR}/ReactCommon/ReactCommon.framework/Headers\"",
					"\"${PODS_CONFIGURATION_BUILD_DIR}/Toast/Toast.framework/Headers\"",
					"\"${PODS_CONFIGURATION_BUILD_DIR}/Turf/Turf.framework/Headers\"",
					"\"${PODS_CONFIGURATION_BUILD_DIR}/Yoga/yoga.framework/Headers\"",
					"\"${PODS_CONFIGURATION_BUILD_DIR}/fmt/fmt.framework/Headers\"",
					"\"${PODS_CONFIGURATION_BUILD_DIR}/glog/glog.framework/Headers\"",
					"\"${PODS_CONFIGURATION_BUILD_DIR}/lottie-ios/Lottie.framework/Headers\"",
					"\"${PODS_CONFIGURATION_BUILD_DIR}/lottie-react-native/lottie_react_native.framework/Headers\"",
					"\"${PODS_CONFIGURATION_BUILD_DIR}/nanopb-framework/nanopb.framework/Headers\"",
					"\"${PODS_CONFIGURATION_BUILD_DIR}/react-native-cameraroll/react_native_cameraroll.framework/Headers\"",
					"\"${PODS_CONFIGURATION_BUILD_DIR}/react-native-image-picker/react_native_image_picker.framework/Headers\"",
					"\"${PODS_CONFIGURATION_BUILD_DIR}/react-native-safe-area-context/react_native_safe_area_context.framework/Headers\"",
					"\"${PODS_CONFIGURATION_BUILD_DIR}/react-native-simple-toast/react_native_simple_toast.framework/Headers\"",
					"\"${PODS_CONFIGURATION_BUILD_DIR}/react-native-view-shot/react_native_view_shot.framework/Headers\"",
					"\"${PODS_CONFIGURATION_BUILD_DIR}/rn-fetch-blob/rn_fetch_blob.framework/Headers\"",
					"\"${PODS_CONFIGURATION_BUILD_DIR}/rnmapbox-maps/rnmapbox_maps.framework/Headers\"",
					"\"${PODS_ROOT}/Headers/Public\"",
					"\"${PODS_ROOT}/Headers/Public/FBLazyVector\"",
					"\"${PODS_ROOT}/Headers/Public/Firebase\"",
					"\"${PODS_ROOT}/Headers/Public/FirebaseCore\"",
					"\"${PODS_ROOT}/Headers/Public/FirebaseInstallations\"",
					"\"${PODS_ROOT}/Headers/Public/GoogleUtilities\"",
					"\"${PODS_ROOT}/Headers/Public/PromisesObjC\"",
					"${PODS_ROOT}",
					"\"${PODS_ROOT}/Headers/Public/RCTRequired\"",
					"\"${PODS_ROOT}/Headers/Public/React-callinvoker\"",
					"\"${PODS_ROOT}/Headers/Public/React-runtimeexecutor\"",
					"\"${PODS_ROOT}/Headers/Public/nanopb\"",
					"$(inherited)",
					"${PODS_ROOT}/Firebase/CoreOnly/Sources",
					"\"$(PODS_ROOT)/DoubleConversion\"",
					"\"$(PODS_ROOT)/boost\"",
					"\"$(PODS_ROOT)/Headers/Private/React-Core\"",
					"${SRCROOT}/../../../ios/Pods/Headers/**",
				);
				INFOPLIST_FILE = Ittilaa/Info.plist;
				LD_RUNPATH_SEARCH_PATHS = (
					"$(inherited)",
					"@executable_path/Frameworks",
				);
				MARKETING_VERSION = 1.2;
				OTHER_LDFLAGS = (
					"$(inherited)",
					"-ObjC",
					"-lc++",
				);
				PRODUCT_BUNDLE_IDENTIFIER = org.reactjs.native.example.Ittilaa;
				PRODUCT_NAME = Ittilaa;
				PROVISIONING_PROFILE_SPECIFIER = "";
				SWIFT_OPTIMIZATION_LEVEL = "-Onone";
				SWIFT_VERSION = 5.0;
				VERSIONING_SYSTEM = "apple-generic";
			};
			name = Debug;
		};
		13B07F951A680F5B00A75B9A /* Release */ = {
			isa = XCBuildConfiguration;
			baseConfigurationReference = C423A0C7CB570BCE230FF75A /* Pods-Ittilaa.release.xcconfig */;
			buildSettings = {
				ASSETCATALOG_COMPILER_APPICON_NAME = AppIcon;
				CLANG_ALLOW_NON_MODULAR_INCLUDES_IN_FRAMEWORK_MODULES = YES;
				CLANG_ENABLE_MODULES = YES;
				CODE_SIGN_IDENTITY = "Apple Development";
				CODE_SIGN_STYLE = Automatic;
				CURRENT_PROJECT_VERSION = 3;
				DEVELOPMENT_TEAM = 325F9S2M56;
				"EXCLUDED_ARCHS[sdk=iphonesimulator*]" = arm64;
				HEADER_SEARCH_PATHS = (
					"$(inherited)",
					"\"${PODS_CONFIGURATION_BUILD_DIR}/DoubleConversion/DoubleConversion.framework/Headers\"",
					"\"${PODS_CONFIGURATION_BUILD_DIR}/FirebaseCore-framework/FirebaseCore.framework/Headers\"",
					"\"${PODS_CONFIGURATION_BUILD_DIR}/FirebaseCoreExtension/FirebaseCoreExtension.framework/Headers\"",
					"\"${PODS_CONFIGURATION_BUILD_DIR}/FirebaseCoreInternal-framework/FirebaseCoreInternal.framework/Headers\"",
					"\"${PODS_CONFIGURATION_BUILD_DIR}/FirebaseInstallations-framework/FirebaseInstallations.framework/Headers\"",
					"\"${PODS_CONFIGURATION_BUILD_DIR}/FirebaseMessaging/FirebaseMessaging.framework/Headers\"",
					"\"${PODS_CONFIGURATION_BUILD_DIR}/GoogleDataTransport/GoogleDataTransport.framework/Headers\"",
					"\"${PODS_CONFIGURATION_BUILD_DIR}/GoogleUtilities-framework/GoogleUtilities.framework/Headers\"",
					"\"${PODS_CONFIGURATION_BUILD_DIR}/MapboxMaps/MapboxMaps.framework/Headers\"",
					"\"${PODS_CONFIGURATION_BUILD_DIR}/PromisesObjC-framework/FBLPromises.framework/Headers\"",
					"\"${PODS_CONFIGURATION_BUILD_DIR}/RCT-Folly/folly.framework/Headers\"",
					"\"${PODS_CONFIGURATION_BUILD_DIR}/RCTTypeSafety/RCTTypeSafety.framework/Headers\"",
					"\"${PODS_CONFIGURATION_BUILD_DIR}/RNCAsyncStorage/RNCAsyncStorage.framework/Headers\"",
					"\"${PODS_CONFIGURATION_BUILD_DIR}/RNFBApp/RNFBApp.framework/Headers\"",
					"\"${PODS_CONFIGURATION_BUILD_DIR}/RNFBMessaging/RNFBMessaging.framework/Headers\"",
					"\"${PODS_CONFIGURATION_BUILD_DIR}/RNGestureHandler/RNGestureHandler.framework/Headers\"",
					"\"${PODS_CONFIGURATION_BUILD_DIR}/RNScreens/RNScreens.framework/Headers\"",
					"\"${PODS_CONFIGURATION_BUILD_DIR}/RNShare/RNShare.framework/Headers\"",
					"\"${PODS_CONFIGURATION_BUILD_DIR}/React-Codegen/React_Codegen.framework/Headers\"",
					"\"${PODS_CONFIGURATION_BUILD_DIR}/React-Core/React.framework/Headers\"",
					"\"${PODS_CONFIGURATION_BUILD_DIR}/React-CoreModules/CoreModules.framework/Headers\"",
					"\"${PODS_CONFIGURATION_BUILD_DIR}/React-RCTAnimation/RCTAnimation.framework/Headers\"",
					"\"${PODS_CONFIGURATION_BUILD_DIR}/React-RCTBlob/RCTBlob.framework/Headers\"",
					"\"${PODS_CONFIGURATION_BUILD_DIR}/React-RCTImage/RCTImage.framework/Headers\"",
					"\"${PODS_CONFIGURATION_BUILD_DIR}/React-RCTLinking/RCTLinking.framework/Headers\"",
					"\"${PODS_CONFIGURATION_BUILD_DIR}/React-RCTNetwork/RCTNetwork.framework/Headers\"",
					"\"${PODS_CONFIGURATION_BUILD_DIR}/React-RCTSettings/RCTSettings.framework/Headers\"",
					"\"${PODS_CONFIGURATION_BUILD_DIR}/React-RCTText/RCTText.framework/Headers\"",
					"\"${PODS_CONFIGURATION_BUILD_DIR}/React-RCTVibration/RCTVibration.framework/Headers\"",
					"\"${PODS_CONFIGURATION_BUILD_DIR}/React-cxxreact/cxxreact.framework/Headers\"",
					"\"${PODS_CONFIGURATION_BUILD_DIR}/React-jsi/jsi.framework/Headers\"",
					"\"${PODS_CONFIGURATION_BUILD_DIR}/React-jsiexecutor/jsireact.framework/Headers\"",
					"\"${PODS_CONFIGURATION_BUILD_DIR}/React-jsinspector/jsinspector.framework/Headers\"",
					"\"${PODS_CONFIGURATION_BUILD_DIR}/React-logger/logger.framework/Headers\"",
					"\"${PODS_CONFIGURATION_BUILD_DIR}/React-perflogger/reactperflogger.framework/Headers\"",
					"\"${PODS_CONFIGURATION_BUILD_DIR}/ReactCommon/ReactCommon.framework/Headers\"",
					"\"${PODS_CONFIGURATION_BUILD_DIR}/Toast/Toast.framework/Headers\"",
					"\"${PODS_CONFIGURATION_BUILD_DIR}/Turf/Turf.framework/Headers\"",
					"\"${PODS_CONFIGURATION_BUILD_DIR}/Yoga/yoga.framework/Headers\"",
					"\"${PODS_CONFIGURATION_BUILD_DIR}/fmt/fmt.framework/Headers\"",
					"\"${PODS_CONFIGURATION_BUILD_DIR}/glog/glog.framework/Headers\"",
					"\"${PODS_CONFIGURATION_BUILD_DIR}/lottie-ios/Lottie.framework/Headers\"",
					"\"${PODS_CONFIGURATION_BUILD_DIR}/lottie-react-native/lottie_react_native.framework/Headers\"",
					"\"${PODS_CONFIGURATION_BUILD_DIR}/nanopb-framework/nanopb.framework/Headers\"",
					"\"${PODS_CONFIGURATION_BUILD_DIR}/react-native-cameraroll/react_native_cameraroll.framework/Headers\"",
					"\"${PODS_CONFIGURATION_BUILD_DIR}/react-native-image-picker/react_native_image_picker.framework/Headers\"",
					"\"${PODS_CONFIGURATION_BUILD_DIR}/react-native-safe-area-context/react_native_safe_area_context.framework/Headers\"",
					"\"${PODS_CONFIGURATION_BUILD_DIR}/react-native-simple-toast/react_native_simple_toast.framework/Headers\"",
					"\"${PODS_CONFIGURATION_BUILD_DIR}/react-native-view-shot/react_native_view_shot.framework/Headers\"",
					"\"${PODS_CONFIGURATION_BUILD_DIR}/rn-fetch-blob/rn_fetch_blob.framework/Headers\"",
					"\"${PODS_CONFIGURATION_BUILD_DIR}/rnmapbox-maps/rnmapbox_maps.framework/Headers\"",
					"\"${PODS_ROOT}/Headers/Public\"",
					"\"${PODS_ROOT}/Headers/Public/FBLazyVector\"",
					"\"${PODS_ROOT}/Headers/Public/Firebase\"",
					"\"${PODS_ROOT}/Headers/Public/FirebaseCore\"",
					"\"${PODS_ROOT}/Headers/Public/FirebaseInstallations\"",
					"\"${PODS_ROOT}/Headers/Public/GoogleUtilities\"",
					"\"${PODS_ROOT}/Headers/Public/PromisesObjC\"",
					"\"${PODS_ROOT}/Headers/Public/RCTRequired\"",
					"${SRCROOT}/../../../ios/Pods/Headers/**",
					"\"${PODS_ROOT}/Headers/Public/React-callinvoker\"",
					"\"${PODS_ROOT}/Headers/Public/React-runtimeexecutor\"",
					"\"${PODS_ROOT}/Headers/Public/nanopb\"",
					"$(inherited)",
					"${PODS_ROOT}/Firebase/CoreOnly/Sources",
					"\"$(PODS_ROOT)/DoubleConversion\"",
					"\"$(PODS_ROOT)/boost\"",
					"\"$(PODS_ROOT)/Headers/Private/React-Core\"",
					"${PODS_ROOT}",
					"$(SRCROOT)/../node_modules/react-native/React/**",
					"$(SRCROOT)/../node_modules/react-native/React/**",
				);
				INFOPLIST_FILE = Ittilaa/Info.plist;
				LD_RUNPATH_SEARCH_PATHS = (
					"$(inherited)",
					"@executable_path/Frameworks",
				);
				MARKETING_VERSION = 1.2;
				ONLY_ACTIVE_ARCH = YES;
				OTHER_LDFLAGS = (
					"$(inherited)",
					"-ObjC",
					"-lc++",
				);
				PRODUCT_BUNDLE_IDENTIFIER = org.reactjs.native.example.Ittilaa;
				PRODUCT_NAME = Ittilaa;
				PROVISIONING_PROFILE_SPECIFIER = "";
				SWIFT_VERSION = 5.0;
				VERSIONING_SYSTEM = "apple-generic";
			};
			name = Release;
		};
		83CBBA201A601CBA00E9B192 /* Debug */ = {
			isa = XCBuildConfiguration;
			buildSettings = {
				ALWAYS_SEARCH_USER_PATHS = NO;
				CLANG_ANALYZER_LOCALIZABILITY_NONLOCALIZED = YES;
				CLANG_CXX_LANGUAGE_STANDARD = "c++17";
				CLANG_CXX_LIBRARY = "libc++";
				CLANG_ENABLE_MODULES = YES;
				CLANG_ENABLE_OBJC_ARC = YES;
				CLANG_WARN_BLOCK_CAPTURE_AUTORELEASING = YES;
				CLANG_WARN_BOOL_CONVERSION = YES;
				CLANG_WARN_COMMA = YES;
				CLANG_WARN_CONSTANT_CONVERSION = YES;
				CLANG_WARN_DEPRECATED_OBJC_IMPLEMENTATIONS = YES;
				CLANG_WARN_DIRECT_OBJC_ISA_USAGE = YES_ERROR;
				CLANG_WARN_EMPTY_BODY = YES;
				CLANG_WARN_ENUM_CONVERSION = YES;
				CLANG_WARN_INFINITE_RECURSION = YES;
				CLANG_WARN_INT_CONVERSION = YES;
				CLANG_WARN_NON_LITERAL_NULL_CONVERSION = YES;
				CLANG_WARN_OBJC_IMPLICIT_RETAIN_SELF = YES;
				CLANG_WARN_OBJC_LITERAL_CONVERSION = YES;
				CLANG_WARN_OBJC_ROOT_CLASS = YES_ERROR;
				CLANG_WARN_QUOTED_INCLUDE_IN_FRAMEWORK_HEADER = YES;
				CLANG_WARN_RANGE_LOOP_ANALYSIS = YES;
				CLANG_WARN_STRICT_PROTOTYPES = YES;
				CLANG_WARN_SUSPICIOUS_MOVE = YES;
				CLANG_WARN_UNREACHABLE_CODE = YES;
				CLANG_WARN__DUPLICATE_METHOD_MATCH = YES;
				"CODE_SIGN_IDENTITY[sdk=iphoneos*]" = "iPhone Developer";
				COPY_PHASE_STRIP = NO;
				ENABLE_STRICT_OBJC_MSGSEND = YES;
				ENABLE_TESTABILITY = YES;
				"EXCLUDED_ARCHS[sdk=iphonesimulator*]" = "";
				GCC_C_LANGUAGE_STANDARD = gnu99;
				GCC_DYNAMIC_NO_PIC = NO;
				GCC_NO_COMMON_BLOCKS = YES;
				GCC_OPTIMIZATION_LEVEL = 0;
				GCC_PREPROCESSOR_DEFINITIONS = (
					"DEBUG=1",
					"$(inherited)",
				);
				GCC_SYMBOLS_PRIVATE_EXTERN = NO;
				GCC_WARN_64_TO_32_BIT_CONVERSION = YES;
				GCC_WARN_ABOUT_RETURN_TYPE = YES_ERROR;
				GCC_WARN_UNDECLARED_SELECTOR = YES;
				GCC_WARN_UNINITIALIZED_AUTOS = YES_AGGRESSIVE;
				GCC_WARN_UNUSED_FUNCTION = YES;
				GCC_WARN_UNUSED_VARIABLE = YES;
				IPHONEOS_DEPLOYMENT_TARGET = 12.0;
				LD_RUNPATH_SEARCH_PATHS = (
					/usr/lib/swift,
					"$(inherited)",
				);
				LIBRARY_SEARCH_PATHS = (
					"\"$(SDKROOT)/usr/lib/swift\"",
					"\"$(TOOLCHAIN_DIR)/usr/lib/swift/$(PLATFORM_NAME)\"",
					"\"$(inherited)\"",
				);
				MTL_ENABLE_DEBUG_INFO = YES;
				ONLY_ACTIVE_ARCH = YES;
				OTHER_CPLUSPLUSFLAGS = (
					"$(OTHER_CFLAGS)",
					"-DFOLLY_NO_CONFIG",
					"-DFOLLY_MOBILE=1",
					"-DFOLLY_USE_LIBCPP=1",
				);
				SDKROOT = iphoneos;
			};
			name = Debug;
		};
		83CBBA211A601CBA00E9B192 /* Release */ = {
			isa = XCBuildConfiguration;
			buildSettings = {
				ALWAYS_SEARCH_USER_PATHS = NO;
				CLANG_ANALYZER_LOCALIZABILITY_NONLOCALIZED = YES;
				CLANG_CXX_LANGUAGE_STANDARD = "c++17";
				CLANG_CXX_LIBRARY = "libc++";
				CLANG_ENABLE_MODULES = YES;
				CLANG_ENABLE_OBJC_ARC = YES;
				CLANG_WARN_BLOCK_CAPTURE_AUTORELEASING = YES;
				CLANG_WARN_BOOL_CONVERSION = YES;
				CLANG_WARN_COMMA = YES;
				CLANG_WARN_CONSTANT_CONVERSION = YES;
				CLANG_WARN_DEPRECATED_OBJC_IMPLEMENTATIONS = YES;
				CLANG_WARN_DIRECT_OBJC_ISA_USAGE = YES_ERROR;
				CLANG_WARN_EMPTY_BODY = YES;
				CLANG_WARN_ENUM_CONVERSION = YES;
				CLANG_WARN_INFINITE_RECURSION = YES;
				CLANG_WARN_INT_CONVERSION = YES;
				CLANG_WARN_NON_LITERAL_NULL_CONVERSION = YES;
				CLANG_WARN_OBJC_IMPLICIT_RETAIN_SELF = YES;
				CLANG_WARN_OBJC_LITERAL_CONVERSION = YES;
				CLANG_WARN_OBJC_ROOT_CLASS = YES_ERROR;
				CLANG_WARN_QUOTED_INCLUDE_IN_FRAMEWORK_HEADER = YES;
				CLANG_WARN_RANGE_LOOP_ANALYSIS = YES;
				CLANG_WARN_STRICT_PROTOTYPES = YES;
				CLANG_WARN_SUSPICIOUS_MOVE = YES;
				CLANG_WARN_UNREACHABLE_CODE = YES;
				CLANG_WARN__DUPLICATE_METHOD_MATCH = YES;
				"CODE_SIGN_IDENTITY[sdk=iphoneos*]" = "iPhone Developer";
				COPY_PHASE_STRIP = YES;
				ENABLE_NS_ASSERTIONS = NO;
				ENABLE_STRICT_OBJC_MSGSEND = YES;
				"EXCLUDED_ARCHS[sdk=iphonesimulator*]" = "";
				GCC_C_LANGUAGE_STANDARD = gnu99;
				GCC_NO_COMMON_BLOCKS = YES;
				GCC_WARN_64_TO_32_BIT_CONVERSION = YES;
				GCC_WARN_ABOUT_RETURN_TYPE = YES_ERROR;
				GCC_WARN_UNDECLARED_SELECTOR = YES;
				GCC_WARN_UNINITIALIZED_AUTOS = YES_AGGRESSIVE;
				GCC_WARN_UNUSED_FUNCTION = YES;
				GCC_WARN_UNUSED_VARIABLE = YES;
				IPHONEOS_DEPLOYMENT_TARGET = 12.0;
				LD_RUNPATH_SEARCH_PATHS = (
					/usr/lib/swift,
					"$(inherited)",
				);
				LIBRARY_SEARCH_PATHS = (
					"\"$(SDKROOT)/usr/lib/swift\"",
					"\"$(TOOLCHAIN_DIR)/usr/lib/swift/$(PLATFORM_NAME)\"",
					"\"$(inherited)\"",
				);
				MTL_ENABLE_DEBUG_INFO = NO;
				OTHER_CPLUSPLUSFLAGS = (
					"$(OTHER_CFLAGS)",
					"-DFOLLY_NO_CONFIG",
					"-DFOLLY_MOBILE=1",
					"-DFOLLY_USE_LIBCPP=1",
				);
				SDKROOT = iphoneos;
				VALIDATE_PRODUCT = YES;
			};
			name = Release;
		};
/* End XCBuildConfiguration section */

/* Begin XCConfigurationList section */
		00E357021AD99517003FC87E /* Build configuration list for PBXNativeTarget "IttilaaTests" */ = {
			isa = XCConfigurationList;
			buildConfigurations = (
				00E356F61AD99517003FC87E /* Debug */,
				00E356F71AD99517003FC87E /* Release */,
			);
			defaultConfigurationIsVisible = 0;
			defaultConfigurationName = Release;
		};
		13B07F931A680F5B00A75B9A /* Build configuration list for PBXNativeTarget "Ittilaa" */ = {
			isa = XCConfigurationList;
			buildConfigurations = (
				13B07F941A680F5B00A75B9A /* Debug */,
				13B07F951A680F5B00A75B9A /* Release */,
			);
			defaultConfigurationIsVisible = 0;
			defaultConfigurationName = Release;
		};
		83CBB9FA1A601CBA00E9B192 /* Build configuration list for PBXProject "Ittilaa" */ = {
			isa = XCConfigurationList;
			buildConfigurations = (
				83CBBA201A601CBA00E9B192 /* Debug */,
				83CBBA211A601CBA00E9B192 /* Release */,
			);
			defaultConfigurationIsVisible = 0;
			defaultConfigurationName = Release;
		};
/* End XCConfigurationList section */

/* Begin XCRemoteSwiftPackageReference section */
		462DBECBFC11CD5EE7819A59 /* XCRemoteSwiftPackageReference "maplibre-gl-native-distribution" */ = {
			isa = XCRemoteSwiftPackageReference;
			repositoryURL = "https://github.com/maplibre/maplibre-gl-native-distribution";
			requirement = {
				kind = exactVersion;
				version = 5.12.1;
			};
		};
/* End XCRemoteSwiftPackageReference section */

/* Begin XCSwiftPackageProductDependency section */
		570D42E72A673210003A5E8F /* Mapbox */ = {
			isa = XCSwiftPackageProductDependency;
			package = 462DBECBFC11CD5EE7819A59 /* XCRemoteSwiftPackageReference "maplibre-gl-native-distribution" */;
			productName = Mapbox;
		};
		B456EE6B1796CE555CAF9AC3 /* Mapbox */ = {
			isa = XCSwiftPackageProductDependency;
			package = 462DBECBFC11CD5EE7819A59 /* XCRemoteSwiftPackageReference "maplibre-gl-native-distribution" */;
			productName = Mapbox;
		};
/* End XCSwiftPackageProductDependency section */
	};
	rootObject = 83CBB9F71A601CBA00E9B192 /* Project object */;
}
